// !$*UTF8*$!
{
	archiveVersion = 1;
	classes = {
	};
	objectVersion = 46;
	objects = {

/* Begin PBXBuildFile section */
		772F312A1741543A009807FD /* Credits.rtf in Resources */ = {isa = PBXBuildFile; fileRef = 772F31241741543A009807FD /* Credits.rtf */; };
		772F312C1741543A009807FD /* MainMenu.xib in Resources */ = {isa = PBXBuildFile; fileRef = 772F31281741543A009807FD /* MainMenu.xib */; };
		772F31351741545A009807FD /* main.m in Sources */ = {isa = PBXBuildFile; fileRef = 772F31331741545A009807FD /* main.m */; };
		772F3139174154BF009807FD /* InfoPlist.strings in Resources */ = {isa = PBXBuildFile; fileRef = 772F31261741543A009807FD /* InfoPlist.strings */; };
		772F313A174154C9009807FD /* EKNAppDelegate.m in Sources */ = {isa = PBXBuildFile; fileRef = 772F312E1741544C009807FD /* EKNAppDelegate.m */; };
		772F313B174154CC009807FD /* EKNConsoleWindowController.m in Sources */ = {isa = PBXBuildFile; fileRef = 772F31301741544C009807FD /* EKNConsoleWindowController.m */; };
		772F313E174154E3009807FD /* EKNConsoleWindowController.xib in Resources */ = {isa = PBXBuildFile; fileRef = 772F313C174154E3009807FD /* EKNConsoleWindowController.xib */; };
		7733F45517493FD90052158B /* Cocoa.framework in Frameworks */ = {isa = PBXBuildFile; fileRef = 77873FC317413BEC00A47A27 /* Cocoa.framework */; };
		7733F4651749420A0052158B /* InfoPlist.strings in Resources */ = {isa = PBXBuildFile; fileRef = 7733F4631749420A0052158B /* InfoPlist.strings */; };
		7733F468174942780052158B /* EKNLiveKnobsPlugin.m in Sources */ = {isa = PBXBuildFile; fileRef = 7733F467174942780052158B /* EKNLiveKnobsPlugin.m */; };
		7733F46B1749434E0052158B /* LiveKnobs.bundle in Copy Plugins */ = {isa = PBXBuildFile; fileRef = 7733F45417493FD90052158B /* LiveKnobs.bundle */; };
		7733F46E174943D10052158B /* EKNLiveKnobsViewController.m in Sources */ = {isa = PBXBuildFile; fileRef = 7733F46D174943D10052158B /* EKNLiveKnobsViewController.m */; };
		7733F4711749464A0052158B /* EKNLiveKnobs.m in Sources */ = {isa = PBXBuildFile; fileRef = 7733F4701749464A0052158B /* EKNLiveKnobs.m */; };
		7733F47F174957460052158B /* EKNKnobInfo.m in Sources */ = {isa = PBXBuildFile; fileRef = 7733F476174954C80052158B /* EKNKnobInfo.m */; };
		7733F480174957DB0052158B /* EKNPropertyInfo.m in Sources */ = {isa = PBXBuildFile; fileRef = 77F70D66174692890064E665 /* EKNPropertyInfo.m */; };
		7733F48317495D6C0052158B /* EKNLiveKnobsViewController.xib in Resources */ = {isa = PBXBuildFile; fileRef = 7733F48117495D6C0052158B /* EKNLiveKnobsViewController.xib */; };
		7733F489174960A90052158B /* EKNPropertyDescription.m in Sources */ = {isa = PBXBuildFile; fileRef = 7733F488174960A90052158B /* EKNPropertyDescription.m */; };
		773C3B781746992500D6A805 /* icon_knob.icns in Resources */ = {isa = PBXBuildFile; fileRef = 773C3B771746992500D6A805 /* icon_knob.icns */; };
		773C3B8117469D9400D6A805 /* EKNKnobGeneratorView.xib in Resources */ = {isa = PBXBuildFile; fileRef = 773C3B7F17469D9400D6A805 /* EKNKnobGeneratorView.xib */; };
		775A829018A182EC00859BA6 /* NSArray+EKNFunctional.m in Sources */ = {isa = PBXBuildFile; fileRef = 775A828F18A182EC00859BA6 /* NSArray+EKNFunctional.m */; };
		77773F10186E10C600200128 /* EKNUpdateSourceCellView.m in Sources */ = {isa = PBXBuildFile; fileRef = 77773F0F186E10C600200128 /* EKNUpdateSourceCellView.m */; };
		77773F13186E11AF00200128 /* EKNUpdateSourceCellView.xib in Resources */ = {isa = PBXBuildFile; fileRef = 77773F11186E11AF00200128 /* EKNUpdateSourceCellView.xib */; };
		77773F16186E286400200128 /* EKNSourceManager.m in Sources */ = {isa = PBXBuildFile; fileRef = 77773F15186E286400200128 /* EKNSourceManager.m */; };
		77773F19186E605200200128 /* EKNPropertyDescription+EKNCodeConstruction.m in Sources */ = {isa = PBXBuildFile; fileRef = 77773F18186E605200200128 /* EKNPropertyDescription+EKNCodeConstruction.m */; };
		778588AE18450DF1006913A6 /* EKNChunkWriter.m in Sources */ = {isa = PBXBuildFile; fileRef = 778588AD18450DF1006913A6 /* EKNChunkWriter.m */; };
		778588B51845305C006913A6 /* EKNChunkConnection.m in Sources */ = {isa = PBXBuildFile; fileRef = 778588B41845305C006913A6 /* EKNChunkConnection.m */; };
		778588B818453071006913A6 /* EKNChunkReader.m in Sources */ = {isa = PBXBuildFile; fileRef = 778588B718453071006913A6 /* EKNChunkReader.m */; };
		77873FC417413BEC00A47A27 /* Cocoa.framework in Frameworks */ = {isa = PBXBuildFile; fileRef = 77873FC317413BEC00A47A27 /* Cocoa.framework */; };
		778E54A71746A35B009D1BA1 /* EKNKnobColorEditor.xib in Resources */ = {isa = PBXBuildFile; fileRef = 778E54A51746A35B009D1BA1 /* EKNKnobColorEditor.xib */; };
		778E54AA1746A3D7009D1BA1 /* EKNKnobColorEditor.m in Sources */ = {isa = PBXBuildFile; fileRef = 778E54A91746A3D7009D1BA1 /* EKNKnobColorEditor.m */; };
		778E54B61746B286009D1BA1 /* EKNKnobToggleEditor.m in Sources */ = {isa = PBXBuildFile; fileRef = 778E54B51746B286009D1BA1 /* EKNKnobToggleEditor.m */; };
		778E54BA1746B332009D1BA1 /* EKNKnobToggleEditor.xib in Resources */ = {isa = PBXBuildFile; fileRef = 778E54B81746B332009D1BA1 /* EKNKnobToggleEditor.xib */; };
		778E54BD1746B7F8009D1BA1 /* EKNKnobSliderEditor.m in Sources */ = {isa = PBXBuildFile; fileRef = 778E54BC1746B7F8009D1BA1 /* EKNKnobSliderEditor.m */; };
		778E54C01746B95A009D1BA1 /* EKNKnobSliderEditor.xib in Resources */ = {isa = PBXBuildFile; fileRef = 778E54BE1746B95A009D1BA1 /* EKNKnobSliderEditor.xib */; };
		778E54C31746C577009D1BA1 /* EKNKnobImageEditor.m in Sources */ = {isa = PBXBuildFile; fileRef = 778E54C21746C576009D1BA1 /* EKNKnobImageEditor.m */; };
		778E54C61746C662009D1BA1 /* EKNKnobImageEditor.xib in Resources */ = {isa = PBXBuildFile; fileRef = 778E54C41746C662009D1BA1 /* EKNKnobImageEditor.xib */; };
		778E54C91746CB5D009D1BA1 /* EKNKnobFloatQuadEditor.m in Sources */ = {isa = PBXBuildFile; fileRef = 778E54C81746CB5D009D1BA1 /* EKNKnobFloatQuadEditor.m */; };
		778E54CC1746CDB7009D1BA1 /* EKNKnobFloatQuadEditor.xib in Resources */ = {isa = PBXBuildFile; fileRef = 778E54CA1746CDB7009D1BA1 /* EKNKnobFloatQuadEditor.xib */; };
		778E54CF1746D33E009D1BA1 /* EKNKnobFloatPairEditor.m in Sources */ = {isa = PBXBuildFile; fileRef = 778E54CE1746D33E009D1BA1 /* EKNKnobFloatPairEditor.m */; };
		778E54D21746D4B0009D1BA1 /* EKNKnobFloatPairEditor.xib in Resources */ = {isa = PBXBuildFile; fileRef = 778E54D01746D4B0009D1BA1 /* EKNKnobFloatPairEditor.xib */; };
		77A51B181747F44300A66451 /* EKNKnobAffineTransformEditor.m in Sources */ = {isa = PBXBuildFile; fileRef = 77A51B171747F44300A66451 /* EKNKnobAffineTransformEditor.m */; };
		77A51B1B1747F75700A66451 /* NSValue+EKNAffineTransform.m in Sources */ = {isa = PBXBuildFile; fileRef = 77A51B1A1747F75700A66451 /* NSValue+EKNAffineTransform.m */; };
		77A51B1E1747F9AC00A66451 /* EKNKnobAffineTransformEditor.xib in Resources */ = {isa = PBXBuildFile; fileRef = 77A51B1C1747F9AC00A66451 /* EKNKnobAffineTransformEditor.xib */; };
		77ABF660187DBA8D00ED1382 /* EKNKnobGeneratorView.m in Sources */ = {isa = PBXBuildFile; fileRef = 773C3B7A17469D4800D6A805 /* EKNKnobGeneratorView.m */; };
		77ABF661187DCE4D00ED1382 /* EKNSourcedKnobTable.m in Sources */ = {isa = PBXBuildFile; fileRef = 77C3660E186DF5EF00B4D9D7 /* EKNSourcedKnobTable.m */; };
		77B7973117418374008242D4 /* EKNDeviceFinder.m in Sources */ = {isa = PBXBuildFile; fileRef = 77B7973017418374008242D4 /* EKNDeviceFinder.m */; };
		77B797391741889D008242D4 /* EKNSharedConstants.m in Sources */ = {isa = PBXBuildFile; fileRef = 77B797381741889D008242D4 /* EKNSharedConstants.m */; };
		77B7973C17418C27008242D4 /* EKNDevice.m in Sources */ = {isa = PBXBuildFile; fileRef = 77B7973B17418C27008242D4 /* EKNDevice.m */; };
		77B797431741AE36008242D4 /* EKNDeviceConnection.m in Sources */ = {isa = PBXBuildFile; fileRef = 77B797421741AE36008242D4 /* EKNDeviceConnection.m */; };
		77B797621742F6D1008242D4 /* EKNDeviceFinderView.m in Sources */ = {isa = PBXBuildFile; fileRef = 77B797611742F6D0008242D4 /* EKNDeviceFinderView.m */; };
		77B7976817430A89008242D4 /* EKNNamedChannel.m in Sources */ = {isa = PBXBuildFile; fileRef = 77B7976717430A88008242D4 /* EKNNamedChannel.m */; };
		77B7976C1743D0B9008242D4 /* EKNConsolePluginRegistry.m in Sources */ = {isa = PBXBuildFile; fileRef = 77B7976B1743D0B9008242D4 /* EKNConsolePluginRegistry.m */; };
		77B797701743D4E8008242D4 /* EKNDeviceFinderSheet.xib in Resources */ = {isa = PBXBuildFile; fileRef = 77B7976E1743D4E8008242D4 /* EKNDeviceFinderSheet.xib */; };
		77B797731743D7F4008242D4 /* EKNConsoleControllerContextDispatcher.m in Sources */ = {isa = PBXBuildFile; fileRef = 77B797721743D7F3008242D4 /* EKNConsoleControllerContextDispatcher.m */; };
		77BFC752186F58E10089FB4E /* EKNKnobFloatEditor.m in Sources */ = {isa = PBXBuildFile; fileRef = 77BFC751186F58E10089FB4E /* EKNKnobFloatEditor.m */; };
		77BFC755186F5B060089FB4E /* EKNKnobFloatEditor.xib in Resources */ = {isa = PBXBuildFile; fileRef = 77BFC753186F5B060089FB4E /* EKNKnobFloatEditor.xib */; };
		77BFC75B186FE8560089FB4E /* EKNKnobIntEditor.xib in Resources */ = {isa = PBXBuildFile; fileRef = 77BFC759186FE8560089FB4E /* EKNKnobIntEditor.xib */; };
		77BFC75E186FE8BE0089FB4E /* EKNKnobIntEditor.m in Sources */ = {isa = PBXBuildFile; fileRef = 77BFC75D186FE8BE0089FB4E /* EKNKnobIntEditor.m */; };
		77C365DE1867884900B4D9D7 /* EKNNamedGroup.m in Sources */ = {isa = PBXBuildFile; fileRef = 77C365DD1867884900B4D9D7 /* EKNNamedGroup.m */; };
		77C365EB1867A6D300B4D9D7 /* EKNKnobGroupsView.xib in Resources */ = {isa = PBXBuildFile; fileRef = 77C365E91867A6D300B4D9D7 /* EKNKnobGroupsView.xib */; };
		77C365EE1867A6EF00B4D9D7 /* EKNKnobGroupsView.m in Sources */ = {isa = PBXBuildFile; fileRef = 77C365ED1867A6EF00B4D9D7 /* EKNKnobGroupsView.m */; };
		77C365F51868B57900B4D9D7 /* EKNDisclosureView.m in Sources */ = {isa = PBXBuildFile; fileRef = 77C365F41868B57900B4D9D7 /* EKNDisclosureView.m */; };
		77C365F81868B76500B4D9D7 /* EKNFlippedClipView.m in Sources */ = {isa = PBXBuildFile; fileRef = 77C365F71868B76500B4D9D7 /* EKNFlippedClipView.m */; };
		77C365FB1868B88000B4D9D7 /* EKNDisclosureView.xib in Resources */ = {isa = PBXBuildFile; fileRef = 77C365F91868B88000B4D9D7 /* EKNDisclosureView.xib */; };
		77C365FD1868BE5F00B4D9D7 /* QuartzCore.framework in Frameworks */ = {isa = PBXBuildFile; fileRef = 77C365FC1868BE5F00B4D9D7 /* QuartzCore.framework */; };
		77C36600186CA73D00B4D9D7 /* EKNEventTrampolineTableView.m in Sources */ = {isa = PBXBuildFile; fileRef = 77C365FF186CA73D00B4D9D7 /* EKNEventTrampolineTableView.m */; };
		77C36603186CBDDC00B4D9D7 /* EKNKnobPushButtonEditor.m in Sources */ = {isa = PBXBuildFile; fileRef = 77C36602186CBDDC00B4D9D7 /* EKNKnobPushButtonEditor.m */; };
		77C36606186CBEE400B4D9D7 /* EKNKnobPushButtonEditor.xib in Resources */ = {isa = PBXBuildFile; fileRef = 77C36604186CBEE400B4D9D7 /* EKNKnobPushButtonEditor.xib */; };
		77C36609186DEFE800B4D9D7 /* EKNKnobEditorManager.m in Sources */ = {isa = PBXBuildFile; fileRef = 77C36608186DEFE800B4D9D7 /* EKNKnobEditorManager.m */; };
		77C36612186DF60F00B4D9D7 /* EKNSourcedKnobTable.xib in Resources */ = {isa = PBXBuildFile; fileRef = 77C36610186DF60F00B4D9D7 /* EKNSourcedKnobTable.xib */; };
		77CDDB1A17B172480072194C /* EKNKnobStringEditor.m in Sources */ = {isa = PBXBuildFile; fileRef = 77CDDB1917B172480072194C /* EKNKnobStringEditor.m */; };
		77CDDB1D17B174760072194C /* EKNKnobStringEditor.xib in Resources */ = {isa = PBXBuildFile; fileRef = 77CDDB1B17B174760072194C /* EKNKnobStringEditor.xib */; };
		77F70CDE1743DF180064E665 /* Cocoa.framework in Frameworks */ = {isa = PBXBuildFile; fileRef = 77873FC317413BEC00A47A27 /* Cocoa.framework */; };
		77F70CF41743DF970064E665 /* InfoPlist.strings in Resources */ = {isa = PBXBuildFile; fileRef = 77F70CF21743DF970064E665 /* InfoPlist.strings */; };
		77F70CF81743DFDC0064E665 /* Logger.bundle in Copy Plugins */ = {isa = PBXBuildFile; fileRef = 77F70CDD1743DF180064E665 /* Logger.bundle */; };
		77F70CF91743E34A0064E665 /* EKNLoggerPlugin.m in Sources */ = {isa = PBXBuildFile; fileRef = 77F70CED1743DF840064E665 /* EKNLoggerPlugin.m */; };
		77F70CFC1743E3CB0064E665 /* EKNLoggerViewController.m in Sources */ = {isa = PBXBuildFile; fileRef = 77F70CFB1743E3CB0064E665 /* EKNLoggerViewController.m */; };
		77F70D0417440CB00064E665 /* WebKit.framework in Frameworks */ = {isa = PBXBuildFile; fileRef = 77F70D0317440CB00064E665 /* WebKit.framework */; };
		77F70D0717440DA30064E665 /* EKNWireImage.m in Sources */ = {isa = PBXBuildFile; fileRef = 77F70D0617440DA30064E665 /* EKNWireImage.m */; };
		77F70D2B17444B1E0064E665 /* EKNLoggerViewController.xib in Resources */ = {isa = PBXBuildFile; fileRef = 77F70D2917444B1E0064E665 /* EKNLoggerViewController.xib */; };
		77F70D3117444B370064E665 /* Cocoa.framework in Frameworks */ = {isa = PBXBuildFile; fileRef = 77873FC317413BEC00A47A27 /* Cocoa.framework */; };
		77F70D4117444B8B0064E665 /* InfoPlist.strings in Resources */ = {isa = PBXBuildFile; fileRef = 77F70D3F17444B8B0064E665 /* InfoPlist.strings */; };
		77F70D4717444C680064E665 /* ViewFrob.bundle in Copy Plugins */ = {isa = PBXBuildFile; fileRef = 77F70D3017444B370064E665 /* ViewFrob.bundle */; };
		77F70D4A17444CB60064E665 /* EKNViewFrobPlugin.m in Sources */ = {isa = PBXBuildFile; fileRef = 77F70D4917444CB60064E665 /* EKNViewFrobPlugin.m */; };
		77F70D4D17444CDB0064E665 /* EKNViewFrob.m in Sources */ = {isa = PBXBuildFile; fileRef = 77F70D4C17444CDB0064E665 /* EKNViewFrob.m */; };
		77F70D5017444D5C0064E665 /* EKNViewFrobViewController.m in Sources */ = {isa = PBXBuildFile; fileRef = 77F70D4F17444D5C0064E665 /* EKNViewFrobViewController.m */; };
		77F70D53174450290064E665 /* EKNViewFrobViewController.xib in Resources */ = {isa = PBXBuildFile; fileRef = 77F70D51174450290064E665 /* EKNViewFrobViewController.xib */; };
		77F70D5C17454D4B0064E665 /* EKNViewFrobInfo.m in Sources */ = {isa = PBXBuildFile; fileRef = 77F70D5B17454D4B0064E665 /* EKNViewFrobInfo.m */; };
/* End PBXBuildFile section */

/* Begin PBXContainerItemProxy section */
		7733F4691749433E0052158B /* PBXContainerItemProxy */ = {
			isa = PBXContainerItemProxy;
			containerPortal = 77873FB817413BEC00A47A27 /* Project object */;
			proxyType = 1;
			remoteGlobalIDString = 7733F45317493FD90052158B;
			remoteInfo = LiveKnobs;
		};
		77F70CF51743DFC40064E665 /* PBXContainerItemProxy */ = {
			isa = PBXContainerItemProxy;
			containerPortal = 77873FB817413BEC00A47A27 /* Project object */;
			proxyType = 1;
			remoteGlobalIDString = 77F70CDC1743DF170064E665;
			remoteInfo = Logger;
		};
		77F70D4517444C3D0064E665 /* PBXContainerItemProxy */ = {
			isa = PBXContainerItemProxy;
			containerPortal = 77873FB817413BEC00A47A27 /* Project object */;
			proxyType = 1;
			remoteGlobalIDString = 77F70D2F17444B370064E665;
			remoteInfo = ViewFrob;
		};
/* End PBXContainerItemProxy section */

/* Begin PBXCopyFilesBuildPhase section */
		77F70CF71743DFC90064E665 /* Copy Plugins */ = {
			isa = PBXCopyFilesBuildPhase;
			buildActionMask = 2147483647;
			dstPath = "";
			dstSubfolderSpec = 13;
			files = (
				7733F46B1749434E0052158B /* LiveKnobs.bundle in Copy Plugins */,
				77F70D4717444C680064E665 /* ViewFrob.bundle in Copy Plugins */,
				77F70CF81743DFDC0064E665 /* Logger.bundle in Copy Plugins */,
			);
			name = "Copy Plugins";
			runOnlyForDeploymentPostprocessing = 0;
		};
/* End PBXCopyFilesBuildPhase section */

/* Begin PBXFileReference section */
		772F31251741543A009807FD /* en */ = {isa = PBXFileReference; lastKnownFileType = text.rtf; name = en; path = Desktop/en.lproj/Credits.rtf; sourceTree = SOURCE_ROOT; };
		772F31271741543A009807FD /* en */ = {isa = PBXFileReference; lastKnownFileType = text.plist.strings; name = en; path = Desktop/en.lproj/InfoPlist.strings; sourceTree = SOURCE_ROOT; };
		772F31291741543A009807FD /* en */ = {isa = PBXFileReference; lastKnownFileType = file.xib; name = en; path = Desktop/en.lproj/MainMenu.xib; sourceTree = SOURCE_ROOT; };
		772F312D1741544C009807FD /* EKNAppDelegate.h */ = {isa = PBXFileReference; lastKnownFileType = sourcecode.c.h; name = EKNAppDelegate.h; path = Desktop/EKNAppDelegate.h; sourceTree = SOURCE_ROOT; };
		772F312E1741544C009807FD /* EKNAppDelegate.m */ = {isa = PBXFileReference; lastKnownFileType = sourcecode.c.objc; name = EKNAppDelegate.m; path = Desktop/EKNAppDelegate.m; sourceTree = SOURCE_ROOT; };
		772F312F1741544C009807FD /* EKNConsoleWindowController.h */ = {isa = PBXFileReference; lastKnownFileType = sourcecode.c.h; name = EKNConsoleWindowController.h; path = Desktop/EKNConsoleWindowController.h; sourceTree = SOURCE_ROOT; };
		772F31301741544C009807FD /* EKNConsoleWindowController.m */ = {isa = PBXFileReference; lastKnownFileType = sourcecode.c.objc; name = EKNConsoleWindowController.m; path = Desktop/EKNConsoleWindowController.m; sourceTree = SOURCE_ROOT; };
		772F31311741545A009807FD /* Knobs-Info.plist */ = {isa = PBXFileReference; fileEncoding = 4; lastKnownFileType = text.plist.xml; name = "Knobs-Info.plist"; path = "Desktop/Knobs-Info.plist"; sourceTree = SOURCE_ROOT; };
		772F31321741545A009807FD /* Knobs-Prefix.pch */ = {isa = PBXFileReference; fileEncoding = 4; lastKnownFileType = sourcecode.c.h; name = "Knobs-Prefix.pch"; path = "Desktop/Knobs-Prefix.pch"; sourceTree = SOURCE_ROOT; };
		772F31331741545A009807FD /* main.m */ = {isa = PBXFileReference; fileEncoding = 4; lastKnownFileType = sourcecode.c.objc; name = main.m; path = Desktop/main.m; sourceTree = SOURCE_ROOT; };
		772F313D174154E3009807FD /* en */ = {isa = PBXFileReference; lastKnownFileType = file.xib; name = en; path = Desktop/en.lproj/EKNConsoleWindowController.xib; sourceTree = SOURCE_ROOT; };
		772F3179174157E4009807FD /* libz.dylib */ = {isa = PBXFileReference; lastKnownFileType = "compiled.mach-o.dylib"; name = libz.dylib; path = usr/lib/libz.dylib; sourceTree = SDKROOT; };
		7733F45417493FD90052158B /* LiveKnobs.bundle */ = {isa = PBXFileReference; explicitFileType = wrapper.cfbundle; includeInIndex = 0; path = LiveKnobs.bundle; sourceTree = BUILT_PRODUCTS_DIR; };
		7733F460174942020052158B /* LiveKnobs-Info.plist */ = {isa = PBXFileReference; fileEncoding = 4; lastKnownFileType = text.plist.xml; name = "LiveKnobs-Info.plist"; path = "Desktop/LiveKnobs/LiveKnobs-Info.plist"; sourceTree = SOURCE_ROOT; };
		7733F461174942020052158B /* LiveKnobs-Prefix.pch */ = {isa = PBXFileReference; fileEncoding = 4; lastKnownFileType = sourcecode.c.h; name = "LiveKnobs-Prefix.pch"; path = "Desktop/LiveKnobs/LiveKnobs-Prefix.pch"; sourceTree = SOURCE_ROOT; };
		7733F4641749420A0052158B /* en */ = {isa = PBXFileReference; lastKnownFileType = text.plist.strings; name = en; path = Desktop/LiveKnobs/en.lproj/InfoPlist.strings; sourceTree = SOURCE_ROOT; };
		7733F466174942780052158B /* EKNLiveKnobsPlugin.h */ = {isa = PBXFileReference; fileEncoding = 4; lastKnownFileType = sourcecode.c.h; name = EKNLiveKnobsPlugin.h; path = Desktop/LiveKnobs/EKNLiveKnobsPlugin.h; sourceTree = SOURCE_ROOT; };
		7733F467174942780052158B /* EKNLiveKnobsPlugin.m */ = {isa = PBXFileReference; fileEncoding = 4; lastKnownFileType = sourcecode.c.objc; name = EKNLiveKnobsPlugin.m; path = Desktop/LiveKnobs/EKNLiveKnobsPlugin.m; sourceTree = SOURCE_ROOT; };
		7733F46C174943D10052158B /* EKNLiveKnobsViewController.h */ = {isa = PBXFileReference; fileEncoding = 4; lastKnownFileType = sourcecode.c.h; name = EKNLiveKnobsViewController.h; path = Desktop/LiveKnobs/EKNLiveKnobsViewController.h; sourceTree = SOURCE_ROOT; };
		7733F46D174943D10052158B /* EKNLiveKnobsViewController.m */ = {isa = PBXFileReference; fileEncoding = 4; lastKnownFileType = sourcecode.c.objc; name = EKNLiveKnobsViewController.m; path = Desktop/LiveKnobs/EKNLiveKnobsViewController.m; sourceTree = SOURCE_ROOT; };
		7733F46F1749464A0052158B /* EKNLiveKnobs.h */ = {isa = PBXFileReference; fileEncoding = 4; lastKnownFileType = sourcecode.c.h; name = EKNLiveKnobs.h; path = Shared/LiveKnobs/EKNLiveKnobs.h; sourceTree = SOURCE_ROOT; };
		7733F4701749464A0052158B /* EKNLiveKnobs.m */ = {isa = PBXFileReference; fileEncoding = 4; lastKnownFileType = sourcecode.c.objc; name = EKNLiveKnobs.m; path = Shared/LiveKnobs/EKNLiveKnobs.m; sourceTree = SOURCE_ROOT; };
		7733F475174954C80052158B /* EKNKnobInfo.h */ = {isa = PBXFileReference; fileEncoding = 4; lastKnownFileType = sourcecode.c.h; name = EKNKnobInfo.h; path = Desktop/EKNKnobInfo.h; sourceTree = SOURCE_ROOT; };
		7733F476174954C80052158B /* EKNKnobInfo.m */ = {isa = PBXFileReference; fileEncoding = 4; lastKnownFileType = sourcecode.c.objc; name = EKNKnobInfo.m; path = Desktop/EKNKnobInfo.m; sourceTree = SOURCE_ROOT; };
		7733F48217495D6C0052158B /* en */ = {isa = PBXFileReference; lastKnownFileType = file.xib; name = en; path = Desktop/LiveKnobs/en.lproj/EKNLiveKnobsViewController.xib; sourceTree = SOURCE_ROOT; };
		7733F4871749609E0052158B /* EKNPropertyDescription.h */ = {isa = PBXFileReference; fileEncoding = 4; lastKnownFileType = sourcecode.c.h; name = EKNPropertyDescription.h; path = Shared/Include/EKNPropertyDescription.h; sourceTree = SOURCE_ROOT; };
		7733F488174960A90052158B /* EKNPropertyDescription.m */ = {isa = PBXFileReference; fileEncoding = 4; lastKnownFileType = sourcecode.c.objc; name = EKNPropertyDescription.m; path = Shared/EKNPropertyDescription.m; sourceTree = SOURCE_ROOT; };
		773C3B771746992500D6A805 /* icon_knob.icns */ = {isa = PBXFileReference; lastKnownFileType = image.icns; name = icon_knob.icns; path = Desktop/icon_knob.icns; sourceTree = SOURCE_ROOT; };
		773C3B7917469D4800D6A805 /* EKNKnobGeneratorView.h */ = {isa = PBXFileReference; fileEncoding = 4; lastKnownFileType = sourcecode.c.h; name = EKNKnobGeneratorView.h; path = Desktop/EKNKnobGeneratorView.h; sourceTree = SOURCE_ROOT; };
		773C3B7A17469D4800D6A805 /* EKNKnobGeneratorView.m */ = {isa = PBXFileReference; fileEncoding = 4; lastKnownFileType = sourcecode.c.objc; name = EKNKnobGeneratorView.m; path = Desktop/EKNKnobGeneratorView.m; sourceTree = SOURCE_ROOT; };
		773C3B8017469D9400D6A805 /* en */ = {isa = PBXFileReference; lastKnownFileType = file.xib; name = en; path = Desktop/en.lproj/EKNKnobGeneratorView.xib; sourceTree = SOURCE_ROOT; };
		775A828E18A182EC00859BA6 /* NSArray+EKNFunctional.h */ = {isa = PBXFileReference; fileEncoding = 4; lastKnownFileType = sourcecode.c.h; name = "NSArray+EKNFunctional.h"; path = "Desktop/NSArray+EKNFunctional.h"; sourceTree = SOURCE_ROOT; };
		775A828F18A182EC00859BA6 /* NSArray+EKNFunctional.m */ = {isa = PBXFileReference; fileEncoding = 4; lastKnownFileType = sourcecode.c.objc; name = "NSArray+EKNFunctional.m"; path = "Desktop/NSArray+EKNFunctional.m"; sourceTree = SOURCE_ROOT; };
		77773F0E186E10C600200128 /* EKNUpdateSourceCellView.h */ = {isa = PBXFileReference; fileEncoding = 4; lastKnownFileType = sourcecode.c.h; name = EKNUpdateSourceCellView.h; path = Desktop/EKNUpdateSourceCellView.h; sourceTree = SOURCE_ROOT; };
		77773F0F186E10C600200128 /* EKNUpdateSourceCellView.m */ = {isa = PBXFileReference; fileEncoding = 4; lastKnownFileType = sourcecode.c.objc; name = EKNUpdateSourceCellView.m; path = Desktop/EKNUpdateSourceCellView.m; sourceTree = SOURCE_ROOT; };
		77773F12186E11AF00200128 /* en */ = {isa = PBXFileReference; lastKnownFileType = file.xib; name = en; path = Desktop/en.lproj/EKNUpdateSourceCellView.xib; sourceTree = SOURCE_ROOT; };
		77773F14186E286400200128 /* EKNSourceManager.h */ = {isa = PBXFileReference; fileEncoding = 4; lastKnownFileType = sourcecode.c.h; name = EKNSourceManager.h; path = Desktop/EKNSourceManager.h; sourceTree = SOURCE_ROOT; };
		77773F15186E286400200128 /* EKNSourceManager.m */ = {isa = PBXFileReference; fileEncoding = 4; lastKnownFileType = sourcecode.c.objc; name = EKNSourceManager.m; path = Desktop/EKNSourceManager.m; sourceTree = SOURCE_ROOT; };
		77773F17186E605200200128 /* EKNPropertyDescription+EKNCodeConstruction.h */ = {isa = PBXFileReference; fileEncoding = 4; lastKnownFileType = sourcecode.c.h; name = "EKNPropertyDescription+EKNCodeConstruction.h"; path = "Desktop/EKNPropertyDescription+EKNCodeConstruction.h"; sourceTree = SOURCE_ROOT; };
		77773F18186E605200200128 /* EKNPropertyDescription+EKNCodeConstruction.m */ = {isa = PBXFileReference; fileEncoding = 4; lastKnownFileType = sourcecode.c.objc; name = "EKNPropertyDescription+EKNCodeConstruction.m"; path = "Desktop/EKNPropertyDescription+EKNCodeConstruction.m"; sourceTree = SOURCE_ROOT; };
		778588AC18450DF1006913A6 /* EKNChunkWriter.h */ = {isa = PBXFileReference; fileEncoding = 4; lastKnownFileType = sourcecode.c.h; name = EKNChunkWriter.h; path = Shared/EKNChunkWriter.h; sourceTree = SOURCE_ROOT; };
		778588AD18450DF1006913A6 /* EKNChunkWriter.m */ = {isa = PBXFileReference; fileEncoding = 4; lastKnownFileType = sourcecode.c.objc; name = EKNChunkWriter.m; path = Shared/EKNChunkWriter.m; sourceTree = SOURCE_ROOT; };
		778588B31845305C006913A6 /* EKNChunkConnection.h */ = {isa = PBXFileReference; fileEncoding = 4; lastKnownFileType = sourcecode.c.h; name = EKNChunkConnection.h; path = Shared/EKNChunkConnection.h; sourceTree = SOURCE_ROOT; };
		778588B41845305C006913A6 /* EKNChunkConnection.m */ = {isa = PBXFileReference; fileEncoding = 4; lastKnownFileType = sourcecode.c.objc; name = EKNChunkConnection.m; path = Shared/EKNChunkConnection.m; sourceTree = SOURCE_ROOT; };
		778588B618453071006913A6 /* EKNChunkReader.h */ = {isa = PBXFileReference; fileEncoding = 4; lastKnownFileType = sourcecode.c.h; name = EKNChunkReader.h; path = Shared/EKNChunkReader.h; sourceTree = SOURCE_ROOT; };
		778588B718453071006913A6 /* EKNChunkReader.m */ = {isa = PBXFileReference; fileEncoding = 4; lastKnownFileType = sourcecode.c.objc; name = EKNChunkReader.m; path = Shared/EKNChunkReader.m; sourceTree = SOURCE_ROOT; };
		77873FC017413BEC00A47A27 /* Knobs.app */ = {isa = PBXFileReference; explicitFileType = wrapper.application; includeInIndex = 0; path = Knobs.app; sourceTree = BUILT_PRODUCTS_DIR; };
		77873FC317413BEC00A47A27 /* Cocoa.framework */ = {isa = PBXFileReference; lastKnownFileType = wrapper.framework; name = Cocoa.framework; path = System/Library/Frameworks/Cocoa.framework; sourceTree = SDKROOT; };
		77873FC617413BEC00A47A27 /* AppKit.framework */ = {isa = PBXFileReference; lastKnownFileType = wrapper.framework; name = AppKit.framework; path = System/Library/Frameworks/AppKit.framework; sourceTree = SDKROOT; };
		77873FC717413BEC00A47A27 /* CoreData.framework */ = {isa = PBXFileReference; lastKnownFileType = wrapper.framework; name = CoreData.framework; path = System/Library/Frameworks/CoreData.framework; sourceTree = SDKROOT; };
		77873FC817413BEC00A47A27 /* Foundation.framework */ = {isa = PBXFileReference; lastKnownFileType = wrapper.framework; name = Foundation.framework; path = System/Library/Frameworks/Foundation.framework; sourceTree = SDKROOT; };
		778E54A41746A0C2009D1BA1 /* EKNPropertyEditor.h */ = {isa = PBXFileReference; fileEncoding = 4; lastKnownFileType = sourcecode.c.h; name = EKNPropertyEditor.h; path = Desktop/EKNPropertyEditor.h; sourceTree = SOURCE_ROOT; };
		778E54A61746A35B009D1BA1 /* en */ = {isa = PBXFileReference; lastKnownFileType = file.xib; name = en; path = Desktop/en.lproj/EKNKnobColorEditor.xib; sourceTree = SOURCE_ROOT; };
		778E54A81746A3D7009D1BA1 /* EKNKnobColorEditor.h */ = {isa = PBXFileReference; fileEncoding = 4; lastKnownFileType = sourcecode.c.h; name = EKNKnobColorEditor.h; path = Desktop/EKNKnobColorEditor.h; sourceTree = SOURCE_ROOT; };
		778E54A91746A3D7009D1BA1 /* EKNKnobColorEditor.m */ = {isa = PBXFileReference; fileEncoding = 4; lastKnownFileType = sourcecode.c.objc; name = EKNKnobColorEditor.m; path = Desktop/EKNKnobColorEditor.m; sourceTree = SOURCE_ROOT; };
		778E54B41746B286009D1BA1 /* EKNKnobToggleEditor.h */ = {isa = PBXFileReference; fileEncoding = 4; lastKnownFileType = sourcecode.c.h; name = EKNKnobToggleEditor.h; path = Desktop/EKNKnobToggleEditor.h; sourceTree = SOURCE_ROOT; };
		778E54B51746B286009D1BA1 /* EKNKnobToggleEditor.m */ = {isa = PBXFileReference; fileEncoding = 4; lastKnownFileType = sourcecode.c.objc; name = EKNKnobToggleEditor.m; path = Desktop/EKNKnobToggleEditor.m; sourceTree = SOURCE_ROOT; };
		778E54B91746B332009D1BA1 /* en */ = {isa = PBXFileReference; lastKnownFileType = file.xib; name = en; path = Desktop/en.lproj/EKNKnobToggleEditor.xib; sourceTree = SOURCE_ROOT; };
		778E54BB1746B7F8009D1BA1 /* EKNKnobSliderEditor.h */ = {isa = PBXFileReference; fileEncoding = 4; lastKnownFileType = sourcecode.c.h; name = EKNKnobSliderEditor.h; path = Desktop/EKNKnobSliderEditor.h; sourceTree = SOURCE_ROOT; };
		778E54BC1746B7F8009D1BA1 /* EKNKnobSliderEditor.m */ = {isa = PBXFileReference; fileEncoding = 4; lastKnownFileType = sourcecode.c.objc; name = EKNKnobSliderEditor.m; path = Desktop/EKNKnobSliderEditor.m; sourceTree = SOURCE_ROOT; };
		778E54BF1746B95A009D1BA1 /* en */ = {isa = PBXFileReference; lastKnownFileType = file.xib; name = en; path = Desktop/en.lproj/EKNKnobSliderEditor.xib; sourceTree = SOURCE_ROOT; };
		778E54C11746C576009D1BA1 /* EKNKnobImageEditor.h */ = {isa = PBXFileReference; fileEncoding = 4; lastKnownFileType = sourcecode.c.h; name = EKNKnobImageEditor.h; path = Desktop/EKNKnobImageEditor.h; sourceTree = SOURCE_ROOT; };
		778E54C21746C576009D1BA1 /* EKNKnobImageEditor.m */ = {isa = PBXFileReference; fileEncoding = 4; lastKnownFileType = sourcecode.c.objc; name = EKNKnobImageEditor.m; path = Desktop/EKNKnobImageEditor.m; sourceTree = SOURCE_ROOT; };
		778E54C51746C662009D1BA1 /* en */ = {isa = PBXFileReference; lastKnownFileType = file.xib; name = en; path = Desktop/en.lproj/EKNKnobImageEditor.xib; sourceTree = SOURCE_ROOT; };
		778E54C71746CB5C009D1BA1 /* EKNKnobFloatQuadEditor.h */ = {isa = PBXFileReference; fileEncoding = 4; lastKnownFileType = sourcecode.c.h; name = EKNKnobFloatQuadEditor.h; path = Desktop/EKNKnobFloatQuadEditor.h; sourceTree = SOURCE_ROOT; };
		778E54C81746CB5D009D1BA1 /* EKNKnobFloatQuadEditor.m */ = {isa = PBXFileReference; fileEncoding = 4; lastKnownFileType = sourcecode.c.objc; name = EKNKnobFloatQuadEditor.m; path = Desktop/EKNKnobFloatQuadEditor.m; sourceTree = SOURCE_ROOT; };
		778E54CB1746CDB7009D1BA1 /* en */ = {isa = PBXFileReference; lastKnownFileType = file.xib; name = en; path = Desktop/en.lproj/EKNKnobFloatQuadEditor.xib; sourceTree = SOURCE_ROOT; };
		778E54CD1746D33E009D1BA1 /* EKNKnobFloatPairEditor.h */ = {isa = PBXFileReference; fileEncoding = 4; lastKnownFileType = sourcecode.c.h; name = EKNKnobFloatPairEditor.h; path = Desktop/EKNKnobFloatPairEditor.h; sourceTree = SOURCE_ROOT; };
		778E54CE1746D33E009D1BA1 /* EKNKnobFloatPairEditor.m */ = {isa = PBXFileReference; fileEncoding = 4; lastKnownFileType = sourcecode.c.objc; name = EKNKnobFloatPairEditor.m; path = Desktop/EKNKnobFloatPairEditor.m; sourceTree = SOURCE_ROOT; };
		778E54D11746D4B0009D1BA1 /* en */ = {isa = PBXFileReference; lastKnownFileType = file.xib; name = en; path = Desktop/en.lproj/EKNKnobFloatPairEditor.xib; sourceTree = SOURCE_ROOT; };
		77A51B161747F44300A66451 /* EKNKnobAffineTransformEditor.h */ = {isa = PBXFileReference; fileEncoding = 4; lastKnownFileType = sourcecode.c.h; name = EKNKnobAffineTransformEditor.h; path = Desktop/EKNKnobAffineTransformEditor.h; sourceTree = SOURCE_ROOT; };
		77A51B171747F44300A66451 /* EKNKnobAffineTransformEditor.m */ = {isa = PBXFileReference; fileEncoding = 4; lastKnownFileType = sourcecode.c.objc; name = EKNKnobAffineTransformEditor.m; path = Desktop/EKNKnobAffineTransformEditor.m; sourceTree = SOURCE_ROOT; };
		77A51B191747F75700A66451 /* NSValue+EKNAffineTransform.h */ = {isa = PBXFileReference; fileEncoding = 4; lastKnownFileType = sourcecode.c.h; name = "NSValue+EKNAffineTransform.h"; path = "Desktop/NSValue+EKNAffineTransform.h"; sourceTree = SOURCE_ROOT; };
		77A51B1A1747F75700A66451 /* NSValue+EKNAffineTransform.m */ = {isa = PBXFileReference; fileEncoding = 4; lastKnownFileType = sourcecode.c.objc; name = "NSValue+EKNAffineTransform.m"; path = "Desktop/NSValue+EKNAffineTransform.m"; sourceTree = SOURCE_ROOT; };
		77A51B1D1747F9AC00A66451 /* en */ = {isa = PBXFileReference; lastKnownFileType = file.xib; name = en; path = Desktop/en.lproj/EKNKnobAffineTransformEditor.xib; sourceTree = SOURCE_ROOT; };
		77B7970D17417807008242D4 /* Security.framework */ = {isa = PBXFileReference; lastKnownFileType = wrapper.framework; name = Security.framework; path = System/Library/Frameworks/Security.framework; sourceTree = SDKROOT; };
		77B7972F17418374008242D4 /* EKNDeviceFinder.h */ = {isa = PBXFileReference; fileEncoding = 4; lastKnownFileType = sourcecode.c.h; name = EKNDeviceFinder.h; path = Desktop/EKNDeviceFinder.h; sourceTree = SOURCE_ROOT; };
		77B7973017418374008242D4 /* EKNDeviceFinder.m */ = {isa = PBXFileReference; fileEncoding = 4; lastKnownFileType = sourcecode.c.objc; name = EKNDeviceFinder.m; path = Desktop/EKNDeviceFinder.m; sourceTree = SOURCE_ROOT; };
		77B797371741889D008242D4 /* EKNSharedConstants.h */ = {isa = PBXFileReference; fileEncoding = 4; lastKnownFileType = sourcecode.c.h; path = EKNSharedConstants.h; sourceTree = "<group>"; };
		77B797381741889D008242D4 /* EKNSharedConstants.m */ = {isa = PBXFileReference; fileEncoding = 4; lastKnownFileType = sourcecode.c.objc; path = EKNSharedConstants.m; sourceTree = "<group>"; };
		77B7973A17418C27008242D4 /* EKNDevice.h */ = {isa = PBXFileReference; fileEncoding = 4; lastKnownFileType = sourcecode.c.h; name = EKNDevice.h; path = Desktop/EKNDevice.h; sourceTree = SOURCE_ROOT; };
		77B7973B17418C27008242D4 /* EKNDevice.m */ = {isa = PBXFileReference; fileEncoding = 4; lastKnownFileType = sourcecode.c.objc; name = EKNDevice.m; path = Desktop/EKNDevice.m; sourceTree = SOURCE_ROOT; };
		77B797411741AE36008242D4 /* EKNDeviceConnection.h */ = {isa = PBXFileReference; fileEncoding = 4; lastKnownFileType = sourcecode.c.h; name = EKNDeviceConnection.h; path = Desktop/EKNDeviceConnection.h; sourceTree = SOURCE_ROOT; };
		77B797421741AE36008242D4 /* EKNDeviceConnection.m */ = {isa = PBXFileReference; fileEncoding = 4; lastKnownFileType = sourcecode.c.objc; name = EKNDeviceConnection.m; path = Desktop/EKNDeviceConnection.m; sourceTree = SOURCE_ROOT; };
		77B797601742F6D0008242D4 /* EKNDeviceFinderView.h */ = {isa = PBXFileReference; fileEncoding = 4; lastKnownFileType = sourcecode.c.h; name = EKNDeviceFinderView.h; path = Desktop/EKNDeviceFinderView.h; sourceTree = SOURCE_ROOT; };
		77B797611742F6D0008242D4 /* EKNDeviceFinderView.m */ = {isa = PBXFileReference; fileEncoding = 4; lastKnownFileType = sourcecode.c.objc; name = EKNDeviceFinderView.m; path = Desktop/EKNDeviceFinderView.m; sourceTree = SOURCE_ROOT; };
		77B7976617430A88008242D4 /* EKNNamedChannel.h */ = {isa = PBXFileReference; fileEncoding = 4; lastKnownFileType = sourcecode.c.h; name = EKNNamedChannel.h; path = Shared/EKNNamedChannel.h; sourceTree = SOURCE_ROOT; };
		77B7976717430A88008242D4 /* EKNNamedChannel.m */ = {isa = PBXFileReference; fileEncoding = 4; lastKnownFileType = sourcecode.c.objc; name = EKNNamedChannel.m; path = Shared/EKNNamedChannel.m; sourceTree = SOURCE_ROOT; };
		77B7976917430B88008242D4 /* EKNChannel.h */ = {isa = PBXFileReference; fileEncoding = 4; lastKnownFileType = sourcecode.c.h; name = EKNChannel.h; path = iOS/Include/EKNChannel.h; sourceTree = SOURCE_ROOT; };
		77B7976A1743D0B8008242D4 /* EKNConsolePluginRegistry.h */ = {isa = PBXFileReference; fileEncoding = 4; lastKnownFileType = sourcecode.c.h; name = EKNConsolePluginRegistry.h; path = Desktop/EKNConsolePluginRegistry.h; sourceTree = SOURCE_ROOT; };
		77B7976B1743D0B9008242D4 /* EKNConsolePluginRegistry.m */ = {isa = PBXFileReference; fileEncoding = 4; lastKnownFileType = sourcecode.c.objc; name = EKNConsolePluginRegistry.m; path = Desktop/EKNConsolePluginRegistry.m; sourceTree = SOURCE_ROOT; };
		77B7976D1743D16F008242D4 /* EKNConsolePlugin.h */ = {isa = PBXFileReference; fileEncoding = 4; lastKnownFileType = sourcecode.c.h; name = EKNConsolePlugin.h; path = Desktop/Include/EKNConsolePlugin.h; sourceTree = SOURCE_ROOT; };
		77B7976F1743D4E8008242D4 /* en */ = {isa = PBXFileReference; lastKnownFileType = file.xib; name = en; path = Desktop/en.lproj/EKNDeviceFinderSheet.xib; sourceTree = SOURCE_ROOT; };
		77B797711743D7F3008242D4 /* EKNConsoleControllerContextDispatcher.h */ = {isa = PBXFileReference; fileEncoding = 4; lastKnownFileType = sourcecode.c.h; name = EKNConsoleControllerContextDispatcher.h; path = Desktop/EKNConsoleControllerContextDispatcher.h; sourceTree = SOURCE_ROOT; };
		77B797721743D7F3008242D4 /* EKNConsoleControllerContextDispatcher.m */ = {isa = PBXFileReference; fileEncoding = 4; lastKnownFileType = sourcecode.c.objc; name = EKNConsoleControllerContextDispatcher.m; path = Desktop/EKNConsoleControllerContextDispatcher.m; sourceTree = SOURCE_ROOT; };
		77BFC750186F58E10089FB4E /* EKNKnobFloatEditor.h */ = {isa = PBXFileReference; fileEncoding = 4; lastKnownFileType = sourcecode.c.h; name = EKNKnobFloatEditor.h; path = Desktop/EKNKnobFloatEditor.h; sourceTree = SOURCE_ROOT; };
		77BFC751186F58E10089FB4E /* EKNKnobFloatEditor.m */ = {isa = PBXFileReference; fileEncoding = 4; lastKnownFileType = sourcecode.c.objc; name = EKNKnobFloatEditor.m; path = Desktop/EKNKnobFloatEditor.m; sourceTree = SOURCE_ROOT; };
		77BFC754186F5B060089FB4E /* en */ = {isa = PBXFileReference; lastKnownFileType = file.xib; name = en; path = Desktop/en.lproj/EKNKnobFloatEditor.xib; sourceTree = SOURCE_ROOT; };
		77BFC75A186FE8560089FB4E /* en */ = {isa = PBXFileReference; lastKnownFileType = file.xib; name = en; path = Desktop/en.lproj/EKNKnobIntEditor.xib; sourceTree = SOURCE_ROOT; };
		77BFC75C186FE8BE0089FB4E /* EKNKnobIntEditor.h */ = {isa = PBXFileReference; fileEncoding = 4; lastKnownFileType = sourcecode.c.h; name = EKNKnobIntEditor.h; path = Desktop/EKNKnobIntEditor.h; sourceTree = SOURCE_ROOT; };
		77BFC75D186FE8BE0089FB4E /* EKNKnobIntEditor.m */ = {isa = PBXFileReference; fileEncoding = 4; lastKnownFileType = sourcecode.c.objc; name = EKNKnobIntEditor.m; path = Desktop/EKNKnobIntEditor.m; sourceTree = SOURCE_ROOT; };
		77C365DC1867884900B4D9D7 /* EKNNamedGroup.h */ = {isa = PBXFileReference; fileEncoding = 4; lastKnownFileType = sourcecode.c.h; path = EKNNamedGroup.h; sourceTree = "<group>"; };
		77C365DD1867884900B4D9D7 /* EKNNamedGroup.m */ = {isa = PBXFileReference; fileEncoding = 4; lastKnownFileType = sourcecode.c.objc; path = EKNNamedGroup.m; sourceTree = "<group>"; };
		77C365EA1867A6D300B4D9D7 /* en */ = {isa = PBXFileReference; lastKnownFileType = file.xib; name = en; path = Desktop/en.lproj/EKNKnobGroupsView.xib; sourceTree = SOURCE_ROOT; };
		77C365EC1867A6EF00B4D9D7 /* EKNKnobGroupsView.h */ = {isa = PBXFileReference; fileEncoding = 4; lastKnownFileType = sourcecode.c.h; name = EKNKnobGroupsView.h; path = Desktop/EKNKnobGroupsView.h; sourceTree = SOURCE_ROOT; };
		77C365ED1867A6EF00B4D9D7 /* EKNKnobGroupsView.m */ = {isa = PBXFileReference; fileEncoding = 4; lastKnownFileType = sourcecode.c.objc; name = EKNKnobGroupsView.m; path = Desktop/EKNKnobGroupsView.m; sourceTree = SOURCE_ROOT; };
		77C365F31868B57900B4D9D7 /* EKNDisclosureView.h */ = {isa = PBXFileReference; fileEncoding = 4; lastKnownFileType = sourcecode.c.h; name = EKNDisclosureView.h; path = Desktop/EKNDisclosureView.h; sourceTree = SOURCE_ROOT; };
		77C365F41868B57900B4D9D7 /* EKNDisclosureView.m */ = {isa = PBXFileReference; fileEncoding = 4; lastKnownFileType = sourcecode.c.objc; name = EKNDisclosureView.m; path = Desktop/EKNDisclosureView.m; sourceTree = SOURCE_ROOT; };
		77C365F61868B76500B4D9D7 /* EKNFlippedClipView.h */ = {isa = PBXFileReference; fileEncoding = 4; lastKnownFileType = sourcecode.c.h; name = EKNFlippedClipView.h; path = Desktop/EKNFlippedClipView.h; sourceTree = SOURCE_ROOT; };
		77C365F71868B76500B4D9D7 /* EKNFlippedClipView.m */ = {isa = PBXFileReference; fileEncoding = 4; lastKnownFileType = sourcecode.c.objc; name = EKNFlippedClipView.m; path = Desktop/EKNFlippedClipView.m; sourceTree = SOURCE_ROOT; };
		77C365FA1868B88000B4D9D7 /* en */ = {isa = PBXFileReference; lastKnownFileType = file.xib; name = en; path = Desktop/en.lproj/EKNDisclosureView.xib; sourceTree = SOURCE_ROOT; };
		77C365FC1868BE5F00B4D9D7 /* QuartzCore.framework */ = {isa = PBXFileReference; lastKnownFileType = wrapper.framework; name = QuartzCore.framework; path = System/Library/Frameworks/QuartzCore.framework; sourceTree = SDKROOT; };
		77C365FE186CA73D00B4D9D7 /* EKNEventTrampolineTableView.h */ = {isa = PBXFileReference; fileEncoding = 4; lastKnownFileType = sourcecode.c.h; name = EKNEventTrampolineTableView.h; path = Desktop/EKNEventTrampolineTableView.h; sourceTree = SOURCE_ROOT; };
		77C365FF186CA73D00B4D9D7 /* EKNEventTrampolineTableView.m */ = {isa = PBXFileReference; fileEncoding = 4; lastKnownFileType = sourcecode.c.objc; name = EKNEventTrampolineTableView.m; path = Desktop/EKNEventTrampolineTableView.m; sourceTree = SOURCE_ROOT; };
		77C36601186CBDDC00B4D9D7 /* EKNKnobPushButtonEditor.h */ = {isa = PBXFileReference; fileEncoding = 4; lastKnownFileType = sourcecode.c.h; name = EKNKnobPushButtonEditor.h; path = Desktop/EKNKnobPushButtonEditor.h; sourceTree = SOURCE_ROOT; };
		77C36602186CBDDC00B4D9D7 /* EKNKnobPushButtonEditor.m */ = {isa = PBXFileReference; fileEncoding = 4; lastKnownFileType = sourcecode.c.objc; name = EKNKnobPushButtonEditor.m; path = Desktop/EKNKnobPushButtonEditor.m; sourceTree = SOURCE_ROOT; };
		77C36605186CBEE400B4D9D7 /* en */ = {isa = PBXFileReference; lastKnownFileType = file.xib; name = en; path = Desktop/en.lproj/EKNKnobPushButtonEditor.xib; sourceTree = SOURCE_ROOT; };
		77C36607186DEFE800B4D9D7 /* EKNKnobEditorManager.h */ = {isa = PBXFileReference; fileEncoding = 4; lastKnownFileType = sourcecode.c.h; name = EKNKnobEditorManager.h; path = Desktop/EKNKnobEditorManager.h; sourceTree = SOURCE_ROOT; };
		77C36608186DEFE800B4D9D7 /* EKNKnobEditorManager.m */ = {isa = PBXFileReference; fileEncoding = 4; lastKnownFileType = sourcecode.c.objc; name = EKNKnobEditorManager.m; path = Desktop/EKNKnobEditorManager.m; sourceTree = SOURCE_ROOT; };
		77C3660D186DF5EF00B4D9D7 /* EKNSourcedKnobTable.h */ = {isa = PBXFileReference; fileEncoding = 4; lastKnownFileType = sourcecode.c.h; name = EKNSourcedKnobTable.h; path = Desktop/EKNSourcedKnobTable.h; sourceTree = SOURCE_ROOT; };
		77C3660E186DF5EF00B4D9D7 /* EKNSourcedKnobTable.m */ = {isa = PBXFileReference; fileEncoding = 4; lastKnownFileType = sourcecode.c.objc; name = EKNSourcedKnobTable.m; path = Desktop/EKNSourcedKnobTable.m; sourceTree = SOURCE_ROOT; };
		77C36611186DF60F00B4D9D7 /* en */ = {isa = PBXFileReference; lastKnownFileType = file.xib; name = en; path = Desktop/en.lproj/EKNSourcedKnobTable.xib; sourceTree = SOURCE_ROOT; };
		77CDDB1817B172480072194C /* EKNKnobStringEditor.h */ = {isa = PBXFileReference; fileEncoding = 4; lastKnownFileType = sourcecode.c.h; name = EKNKnobStringEditor.h; path = Desktop/EKNKnobStringEditor.h; sourceTree = SOURCE_ROOT; };
		77CDDB1917B172480072194C /* EKNKnobStringEditor.m */ = {isa = PBXFileReference; fileEncoding = 4; lastKnownFileType = sourcecode.c.objc; name = EKNKnobStringEditor.m; path = Desktop/EKNKnobStringEditor.m; sourceTree = SOURCE_ROOT; };
		77CDDB1C17B174760072194C /* en */ = {isa = PBXFileReference; lastKnownFileType = file.xib; name = en; path = Desktop/en.lproj/EKNKnobStringEditor.xib; sourceTree = SOURCE_ROOT; };
		77F70CDD1743DF180064E665 /* Logger.bundle */ = {isa = PBXFileReference; explicitFileType = wrapper.cfbundle; includeInIndex = 0; path = Logger.bundle; sourceTree = BUILT_PRODUCTS_DIR; };
		77F70CEC1743DF840064E665 /* EKNLoggerPlugin.h */ = {isa = PBXFileReference; fileEncoding = 4; lastKnownFileType = sourcecode.c.h; name = EKNLoggerPlugin.h; path = Desktop/Logger/EKNLoggerPlugin.h; sourceTree = SOURCE_ROOT; };
		77F70CED1743DF840064E665 /* EKNLoggerPlugin.m */ = {isa = PBXFileReference; fileEncoding = 4; lastKnownFileType = sourcecode.c.objc; name = EKNLoggerPlugin.m; path = Desktop/Logger/EKNLoggerPlugin.m; sourceTree = SOURCE_ROOT; };
		77F70CEF1743DF920064E665 /* Logger-Info.plist */ = {isa = PBXFileReference; fileEncoding = 4; lastKnownFileType = text.plist.xml; name = "Logger-Info.plist"; path = "Desktop/Logger/Logger-Info.plist"; sourceTree = SOURCE_ROOT; };
		77F70CF01743DF920064E665 /* Logger-Prefix.pch */ = {isa = PBXFileReference; fileEncoding = 4; lastKnownFileType = sourcecode.c.h; name = "Logger-Prefix.pch"; path = "Desktop/Logger/Logger-Prefix.pch"; sourceTree = SOURCE_ROOT; };
		77F70CF31743DF970064E665 /* en */ = {isa = PBXFileReference; lastKnownFileType = text.plist.strings; name = en; path = Desktop/Logger/en.lproj/InfoPlist.strings; sourceTree = SOURCE_ROOT; };
		77F70CFA1743E3CB0064E665 /* EKNLoggerViewController.h */ = {isa = PBXFileReference; fileEncoding = 4; lastKnownFileType = sourcecode.c.h; name = EKNLoggerViewController.h; path = Desktop/Logger/EKNLoggerViewController.h; sourceTree = SOURCE_ROOT; };
		77F70CFB1743E3CB0064E665 /* EKNLoggerViewController.m */ = {isa = PBXFileReference; fileEncoding = 4; lastKnownFileType = sourcecode.c.objc; name = EKNLoggerViewController.m; path = Desktop/Logger/EKNLoggerViewController.m; sourceTree = SOURCE_ROOT; };
		77F70D0317440CB00064E665 /* WebKit.framework */ = {isa = PBXFileReference; lastKnownFileType = wrapper.framework; name = WebKit.framework; path = System/Library/Frameworks/WebKit.framework; sourceTree = SDKROOT; };
		77F70D0517440DA30064E665 /* EKNWireImage.h */ = {isa = PBXFileReference; fileEncoding = 4; lastKnownFileType = sourcecode.c.h; path = EKNWireImage.h; sourceTree = "<group>"; };
		77F70D0617440DA30064E665 /* EKNWireImage.m */ = {isa = PBXFileReference; fileEncoding = 4; lastKnownFileType = sourcecode.c.objc; path = EKNWireImage.m; sourceTree = "<group>"; };
		77F70D2A17444B1E0064E665 /* en */ = {isa = PBXFileReference; lastKnownFileType = file.xib; name = en; path = Desktop/Logger/en.lproj/EKNLoggerViewController.xib; sourceTree = SOURCE_ROOT; };
		77F70D3017444B370064E665 /* ViewFrob.bundle */ = {isa = PBXFileReference; explicitFileType = wrapper.cfbundle; includeInIndex = 0; path = ViewFrob.bundle; sourceTree = BUILT_PRODUCTS_DIR; };
		77F70D3C17444B5B0064E665 /* ViewFrob-Info.plist */ = {isa = PBXFileReference; fileEncoding = 4; lastKnownFileType = text.plist.xml; name = "ViewFrob-Info.plist"; path = "Desktop/ViewFrob/ViewFrob-Info.plist"; sourceTree = SOURCE_ROOT; };
		77F70D3D17444B5B0064E665 /* ViewFrob-Prefix.pch */ = {isa = PBXFileReference; fileEncoding = 4; lastKnownFileType = sourcecode.c.h; name = "ViewFrob-Prefix.pch"; path = "Desktop/ViewFrob/ViewFrob-Prefix.pch"; sourceTree = SOURCE_ROOT; };
		77F70D4017444B8B0064E665 /* en */ = {isa = PBXFileReference; lastKnownFileType = text.plist.strings; name = en; path = Desktop/ViewFrob/en.lproj/InfoPlist.strings; sourceTree = SOURCE_ROOT; };
		77F70D4817444CB60064E665 /* EKNViewFrobPlugin.h */ = {isa = PBXFileReference; fileEncoding = 4; lastKnownFileType = sourcecode.c.h; name = EKNViewFrobPlugin.h; path = Desktop/ViewFrob/EKNViewFrobPlugin.h; sourceTree = SOURCE_ROOT; };
		77F70D4917444CB60064E665 /* EKNViewFrobPlugin.m */ = {isa = PBXFileReference; fileEncoding = 4; lastKnownFileType = sourcecode.c.objc; name = EKNViewFrobPlugin.m; path = Desktop/ViewFrob/EKNViewFrobPlugin.m; sourceTree = SOURCE_ROOT; };
		77F70D4B17444CDB0064E665 /* EKNViewFrob.h */ = {isa = PBXFileReference; fileEncoding = 4; lastKnownFileType = sourcecode.c.h; name = EKNViewFrob.h; path = Shared/ViewFrobber/EKNViewFrob.h; sourceTree = SOURCE_ROOT; };
		77F70D4C17444CDB0064E665 /* EKNViewFrob.m */ = {isa = PBXFileReference; fileEncoding = 4; lastKnownFileType = sourcecode.c.objc; name = EKNViewFrob.m; path = Shared/ViewFrobber/EKNViewFrob.m; sourceTree = SOURCE_ROOT; };
		77F70D4E17444D5B0064E665 /* EKNViewFrobViewController.h */ = {isa = PBXFileReference; fileEncoding = 4; lastKnownFileType = sourcecode.c.h; name = EKNViewFrobViewController.h; path = Desktop/ViewFrob/EKNViewFrobViewController.h; sourceTree = SOURCE_ROOT; };
		77F70D4F17444D5C0064E665 /* EKNViewFrobViewController.m */ = {isa = PBXFileReference; fileEncoding = 4; lastKnownFileType = sourcecode.c.objc; name = EKNViewFrobViewController.m; path = Desktop/ViewFrob/EKNViewFrobViewController.m; sourceTree = SOURCE_ROOT; };
		77F70D52174450290064E665 /* en */ = {isa = PBXFileReference; lastKnownFileType = file.xib; name = en; path = Desktop/ViewFrob/en.lproj/EKNViewFrobViewController.xib; sourceTree = SOURCE_ROOT; };
		77F70D5A17454D4B0064E665 /* EKNViewFrobInfo.h */ = {isa = PBXFileReference; fileEncoding = 4; lastKnownFileType = sourcecode.c.h; name = EKNViewFrobInfo.h; path = Shared/ViewFrobber/EKNViewFrobInfo.h; sourceTree = SOURCE_ROOT; };
		77F70D5B17454D4B0064E665 /* EKNViewFrobInfo.m */ = {isa = PBXFileReference; fileEncoding = 4; lastKnownFileType = sourcecode.c.objc; name = EKNViewFrobInfo.m; path = Shared/ViewFrobber/EKNViewFrobInfo.m; sourceTree = SOURCE_ROOT; };
		77F70D65174692890064E665 /* EKNPropertyInfo.h */ = {isa = PBXFileReference; fileEncoding = 4; lastKnownFileType = sourcecode.c.h; name = EKNPropertyInfo.h; path = Shared/ViewFrobber/EKNPropertyInfo.h; sourceTree = SOURCE_ROOT; };
		77F70D66174692890064E665 /* EKNPropertyInfo.m */ = {isa = PBXFileReference; fileEncoding = 4; lastKnownFileType = sourcecode.c.objc; name = EKNPropertyInfo.m; path = Shared/ViewFrobber/EKNPropertyInfo.m; sourceTree = SOURCE_ROOT; };
/* End PBXFileReference section */

/* Begin PBXFrameworksBuildPhase section */
		7733F45117493FD90052158B /* Frameworks */ = {
			isa = PBXFrameworksBuildPhase;
			buildActionMask = 2147483647;
			files = (
				7733F45517493FD90052158B /* Cocoa.framework in Frameworks */,
			);
			runOnlyForDeploymentPostprocessing = 0;
		};
		77873FBD17413BEC00A47A27 /* Frameworks */ = {
			isa = PBXFrameworksBuildPhase;
			buildActionMask = 2147483647;
			files = (
				77C365FD1868BE5F00B4D9D7 /* QuartzCore.framework in Frameworks */,
				77873FC417413BEC00A47A27 /* Cocoa.framework in Frameworks */,
			);
			runOnlyForDeploymentPostprocessing = 0;
		};
		77F70CDA1743DF170064E665 /* Frameworks */ = {
			isa = PBXFrameworksBuildPhase;
			buildActionMask = 2147483647;
			files = (
				77F70D0417440CB00064E665 /* WebKit.framework in Frameworks */,
				77F70CDE1743DF180064E665 /* Cocoa.framework in Frameworks */,
			);
			runOnlyForDeploymentPostprocessing = 0;
		};
		77F70D2D17444B370064E665 /* Frameworks */ = {
			isa = PBXFrameworksBuildPhase;
			buildActionMask = 2147483647;
			files = (
				77F70D3117444B370064E665 /* Cocoa.framework in Frameworks */,
			);
			runOnlyForDeploymentPostprocessing = 0;
		};
/* End PBXFrameworksBuildPhase section */

/* Begin PBXGroup section */
		772F313F174154ED009807FD /* XIB */ = {
			isa = PBXGroup;
			children = (
				77773F11186E11AF00200128 /* EKNUpdateSourceCellView.xib */,
				77C36610186DF60F00B4D9D7 /* EKNSourcedKnobTable.xib */,
				77C365E91867A6D300B4D9D7 /* EKNKnobGroupsView.xib */,
				77C365F91868B88000B4D9D7 /* EKNDisclosureView.xib */,
				77A51B1C1747F9AC00A66451 /* EKNKnobAffineTransformEditor.xib */,
				77BFC753186F5B060089FB4E /* EKNKnobFloatEditor.xib */,
				778E54D01746D4B0009D1BA1 /* EKNKnobFloatPairEditor.xib */,
				778E54CA1746CDB7009D1BA1 /* EKNKnobFloatQuadEditor.xib */,
				778E54C41746C662009D1BA1 /* EKNKnobImageEditor.xib */,
				77BFC759186FE8560089FB4E /* EKNKnobIntEditor.xib */,
				778E54BE1746B95A009D1BA1 /* EKNKnobSliderEditor.xib */,
				77C36604186CBEE400B4D9D7 /* EKNKnobPushButtonEditor.xib */,
				778E54B81746B332009D1BA1 /* EKNKnobToggleEditor.xib */,
				778E54A51746A35B009D1BA1 /* EKNKnobColorEditor.xib */,
				773C3B7F17469D9400D6A805 /* EKNKnobGeneratorView.xib */,
				77CDDB1B17B174760072194C /* EKNKnobStringEditor.xib */,
				77B7976E1743D4E8008242D4 /* EKNDeviceFinderSheet.xib */,
				772F313C174154E3009807FD /* EKNConsoleWindowController.xib */,
				772F31281741543A009807FD /* MainMenu.xib */,
				77F70D51174450290064E665 /* EKNViewFrobViewController.xib */,
			);
			name = XIB;
			sourceTree = "<group>";
		};
		7733F45617493FD90052158B /* LiveKnobs */ = {
			isa = PBXGroup;
			children = (
				7733F48117495D6C0052158B /* EKNLiveKnobsViewController.xib */,
				7733F46F1749464A0052158B /* EKNLiveKnobs.h */,
				7733F4701749464A0052158B /* EKNLiveKnobs.m */,
				7733F46C174943D10052158B /* EKNLiveKnobsViewController.h */,
				7733F46D174943D10052158B /* EKNLiveKnobsViewController.m */,
				7733F466174942780052158B /* EKNLiveKnobsPlugin.h */,
				7733F467174942780052158B /* EKNLiveKnobsPlugin.m */,
				7733F45717493FD90052158B /* Supporting Files */,
			);
			path = LiveKnobs;
			sourceTree = "<group>";
		};
		7733F45717493FD90052158B /* Supporting Files */ = {
			isa = PBXGroup;
			children = (
				7733F4631749420A0052158B /* InfoPlist.strings */,
				7733F460174942020052158B /* LiveKnobs-Info.plist */,
				7733F461174942020052158B /* LiveKnobs-Prefix.pch */,
			);
			name = "Supporting Files";
			sourceTree = "<group>";
		};
		77773F1A186E605A00200128 /* Code Modification */ = {
			isa = PBXGroup;
			children = (
				77773F17186E605200200128 /* EKNPropertyDescription+EKNCodeConstruction.h */,
				77773F18186E605200200128 /* EKNPropertyDescription+EKNCodeConstruction.m */,
				77773F14186E286400200128 /* EKNSourceManager.h */,
				77773F15186E286400200128 /* EKNSourceManager.m */,
			);
			name = "Code Modification";
			sourceTree = "<group>";
		};
		778588AF18450DF7006913A6 /* Networking */ = {
			isa = PBXGroup;
			children = (
				778588B31845305C006913A6 /* EKNChunkConnection.h */,
				778588B41845305C006913A6 /* EKNChunkConnection.m */,
				778588B618453071006913A6 /* EKNChunkReader.h */,
				778588B718453071006913A6 /* EKNChunkReader.m */,
				778588AC18450DF1006913A6 /* EKNChunkWriter.h */,
				778588AD18450DF1006913A6 /* EKNChunkWriter.m */,
				77B797411741AE36008242D4 /* EKNDeviceConnection.h */,
				77B797421741AE36008242D4 /* EKNDeviceConnection.m */,
			);
			name = Networking;
			sourceTree = "<group>";
		};
		77873FB717413BEC00A47A27 = {
			isa = PBXGroup;
			children = (
				77873FC917413BEC00A47A27 /* Knobs */,
				77F70CDF1743DF180064E665 /* Logger */,
				77F70D3217444B370064E665 /* ViewFrob */,
				7733F45617493FD90052158B /* LiveKnobs */,
				77873FC217413BEC00A47A27 /* Frameworks */,
				77873FC117413BEC00A47A27 /* Products */,
			);
			sourceTree = "<group>";
		};
		77873FC117413BEC00A47A27 /* Products */ = {
			isa = PBXGroup;
			children = (
				77873FC017413BEC00A47A27 /* Knobs.app */,
				77F70CDD1743DF180064E665 /* Logger.bundle */,
				77F70D3017444B370064E665 /* ViewFrob.bundle */,
				7733F45417493FD90052158B /* LiveKnobs.bundle */,
			);
			name = Products;
			sourceTree = "<group>";
		};
		77873FC217413BEC00A47A27 /* Frameworks */ = {
			isa = PBXGroup;
			children = (
				77C365FC1868BE5F00B4D9D7 /* QuartzCore.framework */,
				772F3179174157E4009807FD /* libz.dylib */,
				77F70D0317440CB00064E665 /* WebKit.framework */,
				77B7970D17417807008242D4 /* Security.framework */,
				77873FC317413BEC00A47A27 /* Cocoa.framework */,
				77873FC517413BEC00A47A27 /* Other Frameworks */,
			);
			name = Frameworks;
			sourceTree = "<group>";
		};
		77873FC517413BEC00A47A27 /* Other Frameworks */ = {
			isa = PBXGroup;
			children = (
				77873FC617413BEC00A47A27 /* AppKit.framework */,
				77873FC717413BEC00A47A27 /* CoreData.framework */,
				77873FC817413BEC00A47A27 /* Foundation.framework */,
			);
			name = "Other Frameworks";
			sourceTree = "<group>";
		};
		77873FC917413BEC00A47A27 /* Knobs */ = {
			isa = PBXGroup;
			children = (
				77773F1A186E605A00200128 /* Code Modification */,
				778588AF18450DF7006913A6 /* Networking */,
				7733F475174954C80052158B /* EKNKnobInfo.h */,
				7733F476174954C80052158B /* EKNKnobInfo.m */,
				77A51B191747F75700A66451 /* NSValue+EKNAffineTransform.h */,
				77A51B1A1747F75700A66451 /* NSValue+EKNAffineTransform.m */,
				778E54A41746A0C2009D1BA1 /* EKNPropertyEditor.h */,
				7733F4871749609E0052158B /* EKNPropertyDescription.h */,
				7733F488174960A90052158B /* EKNPropertyDescription.m */,
				77B797711743D7F3008242D4 /* EKNConsoleControllerContextDispatcher.h */,
				77B797721743D7F3008242D4 /* EKNConsoleControllerContextDispatcher.m */,
				77B7976A1743D0B8008242D4 /* EKNConsolePluginRegistry.h */,
				77B7976B1743D0B9008242D4 /* EKNConsolePluginRegistry.m */,
				77B7976D1743D16F008242D4 /* EKNConsolePlugin.h */,
				77B797601742F6D0008242D4 /* EKNDeviceFinderView.h */,
				77B797611742F6D0008242D4 /* EKNDeviceFinderView.m */,
				77C365FE186CA73D00B4D9D7 /* EKNEventTrampolineTableView.h */,
				77C365FF186CA73D00B4D9D7 /* EKNEventTrampolineTableView.m */,
				77C365F31868B57900B4D9D7 /* EKNDisclosureView.h */,
				77C365F41868B57900B4D9D7 /* EKNDisclosureView.m */,
				778E54AB1746A3DE009D1BA1 /* Knob Generator */,
				77B797361741889D008242D4 /* Shared */,
				77B7972F17418374008242D4 /* EKNDeviceFinder.h */,
				77B7973017418374008242D4 /* EKNDeviceFinder.m */,
				772F312D1741544C009807FD /* EKNAppDelegate.h */,
				772F312E1741544C009807FD /* EKNAppDelegate.m */,
				77B7973A17418C27008242D4 /* EKNDevice.h */,
				77B7973B17418C27008242D4 /* EKNDevice.m */,
				775A828E18A182EC00859BA6 /* NSArray+EKNFunctional.h */,
				775A828F18A182EC00859BA6 /* NSArray+EKNFunctional.m */,
				772F312F1741544C009807FD /* EKNConsoleWindowController.h */,
				772F31301741544C009807FD /* EKNConsoleWindowController.m */,
				772F31331741545A009807FD /* main.m */,
				772F313F174154ED009807FD /* XIB */,
				77873FCA17413BEC00A47A27 /* Supporting Files */,
			);
			path = Knobs;
			sourceTree = "<group>";
		};
		77873FCA17413BEC00A47A27 /* Supporting Files */ = {
			isa = PBXGroup;
			children = (
				772F31311741545A009807FD /* Knobs-Info.plist */,
				772F31321741545A009807FD /* Knobs-Prefix.pch */,
				772F31241741543A009807FD /* Credits.rtf */,
				772F31261741543A009807FD /* InfoPlist.strings */,
			);
			name = "Supporting Files";
			sourceTree = "<group>";
		};
		778E54AB1746A3DE009D1BA1 /* Knob Generator */ = {
			isa = PBXGroup;
			children = (
				77773F0E186E10C600200128 /* EKNUpdateSourceCellView.h */,
				77773F0F186E10C600200128 /* EKNUpdateSourceCellView.m */,
				77C365EC1867A6EF00B4D9D7 /* EKNKnobGroupsView.h */,
				77C365ED1867A6EF00B4D9D7 /* EKNKnobGroupsView.m */,
				773C3B7917469D4800D6A805 /* EKNKnobGeneratorView.h */,
				773C3B7A17469D4800D6A805 /* EKNKnobGeneratorView.m */,
				77C3660D186DF5EF00B4D9D7 /* EKNSourcedKnobTable.h */,
				77C3660E186DF5EF00B4D9D7 /* EKNSourcedKnobTable.m */,
				77C365F61868B76500B4D9D7 /* EKNFlippedClipView.h */,
				77C365F71868B76500B4D9D7 /* EKNFlippedClipView.m */,
				77C365EF1867A75B00B4D9D7 /* Editors */,
			);
			name = "Knob Generator";
			sourceTree = "<group>";
		};
		77B797361741889D008242D4 /* Shared */ = {
			isa = PBXGroup;
			children = (
				77F70D0517440DA30064E665 /* EKNWireImage.h */,
				77F70D0617440DA30064E665 /* EKNWireImage.m */,
				77B7976917430B88008242D4 /* EKNChannel.h */,
				77B7976617430A88008242D4 /* EKNNamedChannel.h */,
				77B7976717430A88008242D4 /* EKNNamedChannel.m */,
				77C365DC1867884900B4D9D7 /* EKNNamedGroup.h */,
				77C365DD1867884900B4D9D7 /* EKNNamedGroup.m */,
				77B797371741889D008242D4 /* EKNSharedConstants.h */,
				77B797381741889D008242D4 /* EKNSharedConstants.m */,
			);
			path = Shared;
			sourceTree = SOURCE_ROOT;
		};
		77C365EF1867A75B00B4D9D7 /* Editors */ = {
			isa = PBXGroup;
			children = (
				77BFC750186F58E10089FB4E /* EKNKnobFloatEditor.h */,
				77BFC751186F58E10089FB4E /* EKNKnobFloatEditor.m */,
				77C36607186DEFE800B4D9D7 /* EKNKnobEditorManager.h */,
				77C36608186DEFE800B4D9D7 /* EKNKnobEditorManager.m */,
				77C36601186CBDDC00B4D9D7 /* EKNKnobPushButtonEditor.h */,
				77C36602186CBDDC00B4D9D7 /* EKNKnobPushButtonEditor.m */,
				77A51B161747F44300A66451 /* EKNKnobAffineTransformEditor.h */,
				77A51B171747F44300A66451 /* EKNKnobAffineTransformEditor.m */,
				778E54A81746A3D7009D1BA1 /* EKNKnobColorEditor.h */,
				778E54A91746A3D7009D1BA1 /* EKNKnobColorEditor.m */,
				778E54CD1746D33E009D1BA1 /* EKNKnobFloatPairEditor.h */,
				778E54CE1746D33E009D1BA1 /* EKNKnobFloatPairEditor.m */,
				778E54C71746CB5C009D1BA1 /* EKNKnobFloatQuadEditor.h */,
				778E54C81746CB5D009D1BA1 /* EKNKnobFloatQuadEditor.m */,
				778E54C11746C576009D1BA1 /* EKNKnobImageEditor.h */,
				778E54C21746C576009D1BA1 /* EKNKnobImageEditor.m */,
				77BFC75C186FE8BE0089FB4E /* EKNKnobIntEditor.h */,
				77BFC75D186FE8BE0089FB4E /* EKNKnobIntEditor.m */,
				778E54BB1746B7F8009D1BA1 /* EKNKnobSliderEditor.h */,
				778E54BC1746B7F8009D1BA1 /* EKNKnobSliderEditor.m */,
				77CDDB1817B172480072194C /* EKNKnobStringEditor.h */,
				77CDDB1917B172480072194C /* EKNKnobStringEditor.m */,
				778E54B41746B286009D1BA1 /* EKNKnobToggleEditor.h */,
				778E54B51746B286009D1BA1 /* EKNKnobToggleEditor.m */,
			);
			name = Editors;
			sourceTree = "<group>";
		};
		77F70CDF1743DF180064E665 /* Logger */ = {
			isa = PBXGroup;
			children = (
				77F70D2917444B1E0064E665 /* EKNLoggerViewController.xib */,
				77F70CFA1743E3CB0064E665 /* EKNLoggerViewController.h */,
				77F70CFB1743E3CB0064E665 /* EKNLoggerViewController.m */,
				77F70CEC1743DF840064E665 /* EKNLoggerPlugin.h */,
				77F70CED1743DF840064E665 /* EKNLoggerPlugin.m */,
				77F70CE01743DF180064E665 /* Supporting Files */,
			);
			path = Logger;
			sourceTree = "<group>";
		};
		77F70CE01743DF180064E665 /* Supporting Files */ = {
			isa = PBXGroup;
			children = (
				77F70CF21743DF970064E665 /* InfoPlist.strings */,
				77F70CEF1743DF920064E665 /* Logger-Info.plist */,
				77F70CF01743DF920064E665 /* Logger-Prefix.pch */,
			);
			name = "Supporting Files";
			sourceTree = "<group>";
		};
		77F70D3217444B370064E665 /* ViewFrob */ = {
			isa = PBXGroup;
			children = (
				77F70D65174692890064E665 /* EKNPropertyInfo.h */,
				77F70D66174692890064E665 /* EKNPropertyInfo.m */,
				77F70D5A17454D4B0064E665 /* EKNViewFrobInfo.h */,
				77F70D5B17454D4B0064E665 /* EKNViewFrobInfo.m */,
				77F70D4E17444D5B0064E665 /* EKNViewFrobViewController.h */,
				77F70D4F17444D5C0064E665 /* EKNViewFrobViewController.m */,
				77F70D4B17444CDB0064E665 /* EKNViewFrob.h */,
				77F70D4C17444CDB0064E665 /* EKNViewFrob.m */,
				77F70D4817444CB60064E665 /* EKNViewFrobPlugin.h */,
				77F70D4917444CB60064E665 /* EKNViewFrobPlugin.m */,
				77F70D3317444B370064E665 /* Supporting Files */,
			);
			path = ViewFrob;
			sourceTree = "<group>";
		};
		77F70D3317444B370064E665 /* Supporting Files */ = {
			isa = PBXGroup;
			children = (
				773C3B771746992500D6A805 /* icon_knob.icns */,
				77F70D3F17444B8B0064E665 /* InfoPlist.strings */,
				77F70D3C17444B5B0064E665 /* ViewFrob-Info.plist */,
				77F70D3D17444B5B0064E665 /* ViewFrob-Prefix.pch */,
			);
			name = "Supporting Files";
			sourceTree = "<group>";
		};
/* End PBXGroup section */

/* Begin PBXNativeTarget section */
		7733F45317493FD90052158B /* LiveKnobs */ = {
			isa = PBXNativeTarget;
			buildConfigurationList = 7733F45F17493FD90052158B /* Build configuration list for PBXNativeTarget "LiveKnobs" */;
			buildPhases = (
				7733F45017493FD90052158B /* Sources */,
				7733F45117493FD90052158B /* Frameworks */,
				7733F45217493FD90052158B /* Resources */,
			);
			buildRules = (
			);
			dependencies = (
			);
			name = LiveKnobs;
			productName = LiveKnobs;
			productReference = 7733F45417493FD90052158B /* LiveKnobs.bundle */;
			productType = "com.apple.product-type.bundle";
		};
		77873FBF17413BEC00A47A27 /* Knobs */ = {
			isa = PBXNativeTarget;
			buildConfigurationList = 77873FDD17413BEC00A47A27 /* Build configuration list for PBXNativeTarget "Knobs" */;
			buildPhases = (
				77873FBC17413BEC00A47A27 /* Sources */,
				77873FBD17413BEC00A47A27 /* Frameworks */,
				77873FBE17413BEC00A47A27 /* Resources */,
				77F70CF71743DFC90064E665 /* Copy Plugins */,
			);
			buildRules = (
			);
			dependencies = (
				7733F46A1749433E0052158B /* PBXTargetDependency */,
				77F70D4617444C3D0064E665 /* PBXTargetDependency */,
				77F70CF61743DFC40064E665 /* PBXTargetDependency */,
			);
			name = Knobs;
			productName = Knobs;
			productReference = 77873FC017413BEC00A47A27 /* Knobs.app */;
			productType = "com.apple.product-type.application";
		};
		77F70CDC1743DF170064E665 /* Logger */ = {
			isa = PBXNativeTarget;
			buildConfigurationList = 77F70CE61743DF180064E665 /* Build configuration list for PBXNativeTarget "Logger" */;
			buildPhases = (
				77F70CD91743DF170064E665 /* Sources */,
				77F70CDA1743DF170064E665 /* Frameworks */,
				77F70CDB1743DF170064E665 /* Resources */,
			);
			buildRules = (
			);
			dependencies = (
			);
			name = Logger;
			productName = Logger;
			productReference = 77F70CDD1743DF180064E665 /* Logger.bundle */;
			productType = "com.apple.product-type.bundle";
		};
		77F70D2F17444B370064E665 /* ViewFrob */ = {
			isa = PBXNativeTarget;
			buildConfigurationList = 77F70D3917444B370064E665 /* Build configuration list for PBXNativeTarget "ViewFrob" */;
			buildPhases = (
				77F70D2C17444B370064E665 /* Sources */,
				77F70D2D17444B370064E665 /* Frameworks */,
				77F70D2E17444B370064E665 /* Resources */,
			);
			buildRules = (
			);
			dependencies = (
			);
			name = ViewFrob;
			productName = ViewFrob;
			productReference = 77F70D3017444B370064E665 /* ViewFrob.bundle */;
			productType = "com.apple.product-type.bundle";
		};
/* End PBXNativeTarget section */

/* Begin PBXProject section */
		77873FB817413BEC00A47A27 /* Project object */ = {
			isa = PBXProject;
			attributes = {
				CLASSPREFIX = EKN;
				LastUpgradeCheck = 0460;
				ORGANIZATIONNAME = "Akiva Leffert";
			};
			buildConfigurationList = 77873FBB17413BEC00A47A27 /* Build configuration list for PBXProject "Knobs" */;
			compatibilityVersion = "Xcode 3.2";
			developmentRegion = English;
			hasScannedForEncodings = 0;
			knownRegions = (
				en,
			);
			mainGroup = 77873FB717413BEC00A47A27;
			productRefGroup = 77873FC117413BEC00A47A27 /* Products */;
			projectDirPath = "";
			projectRoot = "";
			targets = (
				77873FBF17413BEC00A47A27 /* Knobs */,
				77F70CDC1743DF170064E665 /* Logger */,
				77F70D2F17444B370064E665 /* ViewFrob */,
				7733F45317493FD90052158B /* LiveKnobs */,
			);
		};
/* End PBXProject section */

/* Begin PBXResourcesBuildPhase section */
		7733F45217493FD90052158B /* Resources */ = {
			isa = PBXResourcesBuildPhase;
			buildActionMask = 2147483647;
			files = (
				7733F4651749420A0052158B /* InfoPlist.strings in Resources */,
				7733F48317495D6C0052158B /* EKNLiveKnobsViewController.xib in Resources */,
			);
			runOnlyForDeploymentPostprocessing = 0;
		};
		77873FBE17413BEC00A47A27 /* Resources */ = {
			isa = PBXResourcesBuildPhase;
			buildActionMask = 2147483647;
			files = (
				772F312A1741543A009807FD /* Credits.rtf in Resources */,
				772F312C1741543A009807FD /* MainMenu.xib in Resources */,
				772F3139174154BF009807FD /* InfoPlist.strings in Resources */,
				77C36606186CBEE400B4D9D7 /* EKNKnobPushButtonEditor.xib in Resources */,
				772F313E174154E3009807FD /* EKNConsoleWindowController.xib in Resources */,
				77B797701743D4E8008242D4 /* EKNDeviceFinderSheet.xib in Resources */,
				773C3B781746992500D6A805 /* icon_knob.icns in Resources */,
				773C3B8117469D9400D6A805 /* EKNKnobGeneratorView.xib in Resources */,
				778E54A71746A35B009D1BA1 /* EKNKnobColorEditor.xib in Resources */,
				77BFC75B186FE8560089FB4E /* EKNKnobIntEditor.xib in Resources */,
				77BFC755186F5B060089FB4E /* EKNKnobFloatEditor.xib in Resources */,
				778E54BA1746B332009D1BA1 /* EKNKnobToggleEditor.xib in Resources */,
				77C365EB1867A6D300B4D9D7 /* EKNKnobGroupsView.xib in Resources */,
				77C36612186DF60F00B4D9D7 /* EKNSourcedKnobTable.xib in Resources */,
				778E54C01746B95A009D1BA1 /* EKNKnobSliderEditor.xib in Resources */,
				778E54C61746C662009D1BA1 /* EKNKnobImageEditor.xib in Resources */,
				778E54CC1746CDB7009D1BA1 /* EKNKnobFloatQuadEditor.xib in Resources */,
				778E54D21746D4B0009D1BA1 /* EKNKnobFloatPairEditor.xib in Resources */,
				77CDDB1D17B174760072194C /* EKNKnobStringEditor.xib in Resources */,
				77773F13186E11AF00200128 /* EKNUpdateSourceCellView.xib in Resources */,
				77A51B1E1747F9AC00A66451 /* EKNKnobAffineTransformEditor.xib in Resources */,
				77C365FB1868B88000B4D9D7 /* EKNDisclosureView.xib in Resources */,
			);
			runOnlyForDeploymentPostprocessing = 0;
		};
		77F70CDB1743DF170064E665 /* Resources */ = {
			isa = PBXResourcesBuildPhase;
			buildActionMask = 2147483647;
			files = (
				77F70CF41743DF970064E665 /* InfoPlist.strings in Resources */,
				77F70D2B17444B1E0064E665 /* EKNLoggerViewController.xib in Resources */,
			);
			runOnlyForDeploymentPostprocessing = 0;
		};
		77F70D2E17444B370064E665 /* Resources */ = {
			isa = PBXResourcesBuildPhase;
			buildActionMask = 2147483647;
			files = (
				77F70D4117444B8B0064E665 /* InfoPlist.strings in Resources */,
				77F70D53174450290064E665 /* EKNViewFrobViewController.xib in Resources */,
			);
			runOnlyForDeploymentPostprocessing = 0;
		};
/* End PBXResourcesBuildPhase section */

/* Begin PBXSourcesBuildPhase section */
		7733F45017493FD90052158B /* Sources */ = {
			isa = PBXSourcesBuildPhase;
			buildActionMask = 2147483647;
			files = (
				7733F468174942780052158B /* EKNLiveKnobsPlugin.m in Sources */,
				77ABF661187DCE4D00ED1382 /* EKNSourcedKnobTable.m in Sources */,
				7733F46E174943D10052158B /* EKNLiveKnobsViewController.m in Sources */,
				7733F4711749464A0052158B /* EKNLiveKnobs.m in Sources */,
			);
			runOnlyForDeploymentPostprocessing = 0;
		};
		77873FBC17413BEC00A47A27 /* Sources */ = {
			isa = PBXSourcesBuildPhase;
			buildActionMask = 2147483647;
			files = (
				772F31351741545A009807FD /* main.m in Sources */,
				772F313A174154C9009807FD /* EKNAppDelegate.m in Sources */,
				77C365DE1867884900B4D9D7 /* EKNNamedGroup.m in Sources */,
				772F313B174154CC009807FD /* EKNConsoleWindowController.m in Sources */,
				77CDDB1A17B172480072194C /* EKNKnobStringEditor.m in Sources */,
				77BFC75E186FE8BE0089FB4E /* EKNKnobIntEditor.m in Sources */,
				77B7973117418374008242D4 /* EKNDeviceFinder.m in Sources */,
				77B797391741889D008242D4 /* EKNSharedConstants.m in Sources */,
				77B7973C17418C27008242D4 /* EKNDevice.m in Sources */,
				778588AE18450DF1006913A6 /* EKNChunkWriter.m in Sources */,
				77C365EE1867A6EF00B4D9D7 /* EKNKnobGroupsView.m in Sources */,
				77B797431741AE36008242D4 /* EKNDeviceConnection.m in Sources */,
				77C36603186CBDDC00B4D9D7 /* EKNKnobPushButtonEditor.m in Sources */,
				77B797621742F6D1008242D4 /* EKNDeviceFinderView.m in Sources */,
				77B7976817430A89008242D4 /* EKNNamedChannel.m in Sources */,
				77B7976C1743D0B9008242D4 /* EKNConsolePluginRegistry.m in Sources */,
				77C365F51868B57900B4D9D7 /* EKNDisclosureView.m in Sources */,
				77773F10186E10C600200128 /* EKNUpdateSourceCellView.m in Sources */,
				77C36600186CA73D00B4D9D7 /* EKNEventTrampolineTableView.m in Sources */,
				77B797731743D7F4008242D4 /* EKNConsoleControllerContextDispatcher.m in Sources */,
				77F70D0717440DA30064E665 /* EKNWireImage.m in Sources */,
				778E54AA1746A3D7009D1BA1 /* EKNKnobColorEditor.m in Sources */,
				775A829018A182EC00859BA6 /* NSArray+EKNFunctional.m in Sources */,
				77773F16186E286400200128 /* EKNSourceManager.m in Sources */,
				778E54B61746B286009D1BA1 /* EKNKnobToggleEditor.m in Sources */,
				77C36609186DEFE800B4D9D7 /* EKNKnobEditorManager.m in Sources */,
				778588B51845305C006913A6 /* EKNChunkConnection.m in Sources */,
				778E54BD1746B7F8009D1BA1 /* EKNKnobSliderEditor.m in Sources */,
				778E54C31746C577009D1BA1 /* EKNKnobImageEditor.m in Sources */,
				778E54C91746CB5D009D1BA1 /* EKNKnobFloatQuadEditor.m in Sources */,
				778E54CF1746D33E009D1BA1 /* EKNKnobFloatPairEditor.m in Sources */,
				77A51B181747F44300A66451 /* EKNKnobAffineTransformEditor.m in Sources */,
				77A51B1B1747F75700A66451 /* NSValue+EKNAffineTransform.m in Sources */,
				77BFC752186F58E10089FB4E /* EKNKnobFloatEditor.m in Sources */,
				7733F47F174957460052158B /* EKNKnobInfo.m in Sources */,
				77C365F81868B76500B4D9D7 /* EKNFlippedClipView.m in Sources */,
				7733F480174957DB0052158B /* EKNPropertyInfo.m in Sources */,
				77773F19186E605200200128 /* EKNPropertyDescription+EKNCodeConstruction.m in Sources */,
				7733F489174960A90052158B /* EKNPropertyDescription.m in Sources */,
				778588B818453071006913A6 /* EKNChunkReader.m in Sources */,
			);
			runOnlyForDeploymentPostprocessing = 0;
		};
		77F70CD91743DF170064E665 /* Sources */ = {
			isa = PBXSourcesBuildPhase;
			buildActionMask = 2147483647;
			files = (
				77F70CF91743E34A0064E665 /* EKNLoggerPlugin.m in Sources */,
				77F70CFC1743E3CB0064E665 /* EKNLoggerViewController.m in Sources */,
			);
			runOnlyForDeploymentPostprocessing = 0;
		};
		77F70D2C17444B370064E665 /* Sources */ = {
			isa = PBXSourcesBuildPhase;
			buildActionMask = 2147483647;
			files = (
				77F70D4A17444CB60064E665 /* EKNViewFrobPlugin.m in Sources */,
				77F70D4D17444CDB0064E665 /* EKNViewFrob.m in Sources */,
				77F70D5017444D5C0064E665 /* EKNViewFrobViewController.m in Sources */,
				77ABF660187DBA8D00ED1382 /* EKNKnobGeneratorView.m in Sources */,
				77F70D5C17454D4B0064E665 /* EKNViewFrobInfo.m in Sources */,
			);
			runOnlyForDeploymentPostprocessing = 0;
		};
/* End PBXSourcesBuildPhase section */

/* Begin PBXTargetDependency section */
		7733F46A1749433E0052158B /* PBXTargetDependency */ = {
			isa = PBXTargetDependency;
			target = 7733F45317493FD90052158B /* LiveKnobs */;
			targetProxy = 7733F4691749433E0052158B /* PBXContainerItemProxy */;
		};
		77F70CF61743DFC40064E665 /* PBXTargetDependency */ = {
			isa = PBXTargetDependency;
			target = 77F70CDC1743DF170064E665 /* Logger */;
			targetProxy = 77F70CF51743DFC40064E665 /* PBXContainerItemProxy */;
		};
		77F70D4617444C3D0064E665 /* PBXTargetDependency */ = {
			isa = PBXTargetDependency;
			target = 77F70D2F17444B370064E665 /* ViewFrob */;
			targetProxy = 77F70D4517444C3D0064E665 /* PBXContainerItemProxy */;
		};
/* End PBXTargetDependency section */

/* Begin PBXVariantGroup section */
		772F31241741543A009807FD /* Credits.rtf */ = {
			isa = PBXVariantGroup;
			children = (
				772F31251741543A009807FD /* en */,
			);
			name = Credits.rtf;
			sourceTree = "<group>";
		};
		772F31261741543A009807FD /* InfoPlist.strings */ = {
			isa = PBXVariantGroup;
			children = (
				772F31271741543A009807FD /* en */,
			);
			name = InfoPlist.strings;
			sourceTree = "<group>";
		};
		772F31281741543A009807FD /* MainMenu.xib */ = {
			isa = PBXVariantGroup;
			children = (
				772F31291741543A009807FD /* en */,
			);
			name = MainMenu.xib;
			sourceTree = "<group>";
		};
		772F313C174154E3009807FD /* EKNConsoleWindowController.xib */ = {
			isa = PBXVariantGroup;
			children = (
				772F313D174154E3009807FD /* en */,
			);
			name = EKNConsoleWindowController.xib;
			sourceTree = "<group>";
		};
		7733F4631749420A0052158B /* InfoPlist.strings */ = {
			isa = PBXVariantGroup;
			children = (
				7733F4641749420A0052158B /* en */,
			);
			name = InfoPlist.strings;
			sourceTree = "<group>";
		};
		7733F48117495D6C0052158B /* EKNLiveKnobsViewController.xib */ = {
			isa = PBXVariantGroup;
			children = (
				7733F48217495D6C0052158B /* en */,
			);
			name = EKNLiveKnobsViewController.xib;
			sourceTree = "<group>";
		};
		773C3B7F17469D9400D6A805 /* EKNKnobGeneratorView.xib */ = {
			isa = PBXVariantGroup;
			children = (
				773C3B8017469D9400D6A805 /* en */,
			);
			name = EKNKnobGeneratorView.xib;
			sourceTree = "<group>";
		};
		77773F11186E11AF00200128 /* EKNUpdateSourceCellView.xib */ = {
			isa = PBXVariantGroup;
			children = (
				77773F12186E11AF00200128 /* en */,
			);
			name = EKNUpdateSourceCellView.xib;
			sourceTree = "<group>";
		};
		778E54A51746A35B009D1BA1 /* EKNKnobColorEditor.xib */ = {
			isa = PBXVariantGroup;
			children = (
				778E54A61746A35B009D1BA1 /* en */,
			);
			name = EKNKnobColorEditor.xib;
			sourceTree = "<group>";
		};
		778E54B81746B332009D1BA1 /* EKNKnobToggleEditor.xib */ = {
			isa = PBXVariantGroup;
			children = (
				778E54B91746B332009D1BA1 /* en */,
			);
			name = EKNKnobToggleEditor.xib;
			sourceTree = "<group>";
		};
		778E54BE1746B95A009D1BA1 /* EKNKnobSliderEditor.xib */ = {
			isa = PBXVariantGroup;
			children = (
				778E54BF1746B95A009D1BA1 /* en */,
			);
			name = EKNKnobSliderEditor.xib;
			sourceTree = "<group>";
		};
		778E54C41746C662009D1BA1 /* EKNKnobImageEditor.xib */ = {
			isa = PBXVariantGroup;
			children = (
				778E54C51746C662009D1BA1 /* en */,
			);
			name = EKNKnobImageEditor.xib;
			sourceTree = "<group>";
		};
		778E54CA1746CDB7009D1BA1 /* EKNKnobFloatQuadEditor.xib */ = {
			isa = PBXVariantGroup;
			children = (
				778E54CB1746CDB7009D1BA1 /* en */,
			);
			name = EKNKnobFloatQuadEditor.xib;
			sourceTree = "<group>";
		};
		778E54D01746D4B0009D1BA1 /* EKNKnobFloatPairEditor.xib */ = {
			isa = PBXVariantGroup;
			children = (
				778E54D11746D4B0009D1BA1 /* en */,
			);
			name = EKNKnobFloatPairEditor.xib;
			sourceTree = "<group>";
		};
		77A51B1C1747F9AC00A66451 /* EKNKnobAffineTransformEditor.xib */ = {
			isa = PBXVariantGroup;
			children = (
				77A51B1D1747F9AC00A66451 /* en */,
			);
			name = EKNKnobAffineTransformEditor.xib;
			sourceTree = "<group>";
		};
		77B7976E1743D4E8008242D4 /* EKNDeviceFinderSheet.xib */ = {
			isa = PBXVariantGroup;
			children = (
				77B7976F1743D4E8008242D4 /* en */,
			);
			name = EKNDeviceFinderSheet.xib;
			sourceTree = "<group>";
		};
		77BFC753186F5B060089FB4E /* EKNKnobFloatEditor.xib */ = {
			isa = PBXVariantGroup;
			children = (
				77BFC754186F5B060089FB4E /* en */,
			);
			name = EKNKnobFloatEditor.xib;
			sourceTree = "<group>";
		};
		77BFC759186FE8560089FB4E /* EKNKnobIntEditor.xib */ = {
			isa = PBXVariantGroup;
			children = (
				77BFC75A186FE8560089FB4E /* en */,
			);
			name = EKNKnobIntEditor.xib;
			sourceTree = "<group>";
		};
		77C365E91867A6D300B4D9D7 /* EKNKnobGroupsView.xib */ = {
			isa = PBXVariantGroup;
			children = (
				77C365EA1867A6D300B4D9D7 /* en */,
			);
			name = EKNKnobGroupsView.xib;
			sourceTree = "<group>";
		};
		77C365F91868B88000B4D9D7 /* EKNDisclosureView.xib */ = {
			isa = PBXVariantGroup;
			children = (
				77C365FA1868B88000B4D9D7 /* en */,
			);
			name = EKNDisclosureView.xib;
			sourceTree = "<group>";
		};
		77C36604186CBEE400B4D9D7 /* EKNKnobPushButtonEditor.xib */ = {
			isa = PBXVariantGroup;
			children = (
				77C36605186CBEE400B4D9D7 /* en */,
			);
			name = EKNKnobPushButtonEditor.xib;
			sourceTree = "<group>";
		};
		77C36610186DF60F00B4D9D7 /* EKNSourcedKnobTable.xib */ = {
			isa = PBXVariantGroup;
			children = (
				77C36611186DF60F00B4D9D7 /* en */,
			);
			name = EKNSourcedKnobTable.xib;
			sourceTree = "<group>";
		};
		77CDDB1B17B174760072194C /* EKNKnobStringEditor.xib */ = {
			isa = PBXVariantGroup;
			children = (
				77CDDB1C17B174760072194C /* en */,
			);
			name = EKNKnobStringEditor.xib;
			sourceTree = "<group>";
		};
		77F70CF21743DF970064E665 /* InfoPlist.strings */ = {
			isa = PBXVariantGroup;
			children = (
				77F70CF31743DF970064E665 /* en */,
			);
			name = InfoPlist.strings;
			sourceTree = "<group>";
		};
		77F70D2917444B1E0064E665 /* EKNLoggerViewController.xib */ = {
			isa = PBXVariantGroup;
			children = (
				77F70D2A17444B1E0064E665 /* en */,
			);
			name = EKNLoggerViewController.xib;
			sourceTree = "<group>";
		};
		77F70D3F17444B8B0064E665 /* InfoPlist.strings */ = {
			isa = PBXVariantGroup;
			children = (
				77F70D4017444B8B0064E665 /* en */,
			);
			name = InfoPlist.strings;
			sourceTree = "<group>";
		};
		77F70D51174450290064E665 /* EKNViewFrobViewController.xib */ = {
			isa = PBXVariantGroup;
			children = (
				77F70D52174450290064E665 /* en */,
			);
			name = EKNViewFrobViewController.xib;
			path = ../ViewFrob;
			sourceTree = "<group>";
		};
/* End PBXVariantGroup section */

/* Begin XCBuildConfiguration section */
		7733F45D17493FD90052158B /* Debug */ = {
			isa = XCBuildConfiguration;
			buildSettings = {
				COMBINE_HIDPI_IMAGES = YES;
				GCC_PRECOMPILE_PREFIX_HEADER = YES;
				GCC_PREFIX_HEADER = "Desktop/LiveKnobs/LiveKnobs-Prefix.pch";
				INFOPLIST_FILE = "Desktop/LiveKnobs/LiveKnobs-Info.plist";
				INSTALL_PATH = "$(LOCAL_LIBRARY_DIR)/Bundles";
				PRODUCT_NAME = "$(TARGET_NAME)";
				WRAPPER_EXTENSION = bundle;
			};
			name = Debug;
		};
		7733F45E17493FD90052158B /* Release */ = {
			isa = XCBuildConfiguration;
			buildSettings = {
				COMBINE_HIDPI_IMAGES = YES;
				GCC_PRECOMPILE_PREFIX_HEADER = YES;
				GCC_PREFIX_HEADER = "Desktop/LiveKnobs/LiveKnobs-Prefix.pch";
				INFOPLIST_FILE = "Desktop/LiveKnobs/LiveKnobs-Info.plist";
				INSTALL_PATH = "$(LOCAL_LIBRARY_DIR)/Bundles";
				PRODUCT_NAME = "$(TARGET_NAME)";
				WRAPPER_EXTENSION = bundle;
			};
			name = Release;
		};
		77873FDB17413BEC00A47A27 /* Debug */ = {
			isa = XCBuildConfiguration;
			buildSettings = {
				ALWAYS_SEARCH_USER_PATHS = NO;
				ARCHS = "$(ARCHS_STANDARD_64_BIT)";
				CLANG_CXX_LANGUAGE_STANDARD = "gnu++0x";
				CLANG_CXX_LIBRARY = "libc++";
				CLANG_ENABLE_OBJC_ARC = YES;
				CLANG_WARN_CONSTANT_CONVERSION = YES;
				CLANG_WARN_EMPTY_BODY = YES;
				CLANG_WARN_ENUM_CONVERSION = YES;
				CLANG_WARN_INT_CONVERSION = YES;
				CLANG_WARN__DUPLICATE_METHOD_MATCH = YES;
				COPY_PHASE_STRIP = NO;
				GCC_C_LANGUAGE_STANDARD = gnu99;
				GCC_DYNAMIC_NO_PIC = NO;
				GCC_ENABLE_OBJC_EXCEPTIONS = YES;
				GCC_OPTIMIZATION_LEVEL = 0;
				GCC_PREPROCESSOR_DEFINITIONS = (
					"DEBUG=1",
					"$(inherited)",
				);
				GCC_SYMBOLS_PRIVATE_EXTERN = NO;
				GCC_TREAT_WARNINGS_AS_ERRORS = YES;
				GCC_WARN_64_TO_32_BIT_CONVERSION = YES;
				GCC_WARN_ABOUT_RETURN_TYPE = YES;
				GCC_WARN_UNINITIALIZED_AUTOS = YES;
				GCC_WARN_UNUSED_VARIABLE = YES;
				MACOSX_DEPLOYMENT_TARGET = 10.8;
				ONLY_ACTIVE_ARCH = YES;
				SDKROOT = macosx;
			};
			name = Debug;
		};
		77873FDC17413BEC00A47A27 /* Release */ = {
			isa = XCBuildConfiguration;
			buildSettings = {
				ALWAYS_SEARCH_USER_PATHS = NO;
				ARCHS = "$(ARCHS_STANDARD_64_BIT)";
				CLANG_CXX_LANGUAGE_STANDARD = "gnu++0x";
				CLANG_CXX_LIBRARY = "libc++";
				CLANG_ENABLE_OBJC_ARC = YES;
				CLANG_WARN_CONSTANT_CONVERSION = YES;
				CLANG_WARN_EMPTY_BODY = YES;
				CLANG_WARN_ENUM_CONVERSION = YES;
				CLANG_WARN_INT_CONVERSION = YES;
				CLANG_WARN__DUPLICATE_METHOD_MATCH = YES;
				COPY_PHASE_STRIP = YES;
				DEBUG_INFORMATION_FORMAT = "dwarf-with-dsym";
				GCC_C_LANGUAGE_STANDARD = gnu99;
				GCC_ENABLE_OBJC_EXCEPTIONS = YES;
				GCC_TREAT_WARNINGS_AS_ERRORS = YES;
				GCC_WARN_64_TO_32_BIT_CONVERSION = YES;
				GCC_WARN_ABOUT_RETURN_TYPE = YES;
				GCC_WARN_UNINITIALIZED_AUTOS = YES;
				GCC_WARN_UNUSED_VARIABLE = YES;
				MACOSX_DEPLOYMENT_TARGET = 10.8;
				SDKROOT = macosx;
			};
			name = Release;
		};
		77873FDE17413BEC00A47A27 /* Debug */ = {
			isa = XCBuildConfiguration;
			buildSettings = {
				COMBINE_HIDPI_IMAGES = YES;
				GCC_PRECOMPILE_PREFIX_HEADER = YES;
				GCC_PREFIX_HEADER = "Desktop/Knobs-Prefix.pch";
				INFOPLIST_FILE = "Desktop/Knobs-Info.plist";
				PRODUCT_NAME = "$(TARGET_NAME)";
				WRAPPER_EXTENSION = app;
			};
			name = Debug;
		};
		77873FDF17413BEC00A47A27 /* Release */ = {
			isa = XCBuildConfiguration;
			buildSettings = {
				COMBINE_HIDPI_IMAGES = YES;
				GCC_PRECOMPILE_PREFIX_HEADER = YES;
				GCC_PREFIX_HEADER = "Desktop/Knobs-Prefix.pch";
				INFOPLIST_FILE = "Desktop/Knobs-Info.plist";
				PRODUCT_NAME = "$(TARGET_NAME)";
				WRAPPER_EXTENSION = app;
			};
			name = Release;
		};
		77F70CE71743DF180064E665 /* Debug */ = {
			isa = XCBuildConfiguration;
			buildSettings = {
				COMBINE_HIDPI_IMAGES = YES;
				GCC_PRECOMPILE_PREFIX_HEADER = YES;
				GCC_PREFIX_HEADER = "Desktop/Logger/Logger-Prefix.pch";
				INFOPLIST_FILE = "Desktop/Logger/Logger-Info.plist";
				INSTALL_PATH = "$(LOCAL_LIBRARY_DIR)/Bundles";
				PRODUCT_NAME = "$(TARGET_NAME)";
				WRAPPER_EXTENSION = bundle;
			};
			name = Debug;
		};
		77F70CE81743DF180064E665 /* Release */ = {
			isa = XCBuildConfiguration;
			buildSettings = {
				COMBINE_HIDPI_IMAGES = YES;
				GCC_PRECOMPILE_PREFIX_HEADER = YES;
				GCC_PREFIX_HEADER = "Desktop/Logger/Logger-Prefix.pch";
				INFOPLIST_FILE = "Desktop/Logger/Logger-Info.plist";
				INSTALL_PATH = "$(LOCAL_LIBRARY_DIR)/Bundles";
				PRODUCT_NAME = "$(TARGET_NAME)";
				WRAPPER_EXTENSION = bundle;
			};
			name = Release;
		};
		77F70D3A17444B370064E665 /* Debug */ = {
			isa = XCBuildConfiguration;
			buildSettings = {
				COMBINE_HIDPI_IMAGES = YES;
				GCC_PRECOMPILE_PREFIX_HEADER = YES;
				GCC_PREFIX_HEADER = "Desktop/ViewFrob/ViewFrob-Prefix.pch";
				INFOPLIST_FILE = "Desktop/ViewFrob/ViewFrob-Info.plist";
				INSTALL_PATH = "$(LOCAL_LIBRARY_DIR)/Bundles";
				PRODUCT_NAME = "$(TARGET_NAME)";
				WRAPPER_EXTENSION = bundle;
			};
			name = Debug;
		};
		77F70D3B17444B370064E665 /* Release */ = {
			isa = XCBuildConfiguration;
			buildSettings = {
				COMBINE_HIDPI_IMAGES = YES;
				GCC_PRECOMPILE_PREFIX_HEADER = YES;
				GCC_PREFIX_HEADER = "Desktop/ViewFrob/ViewFrob-Prefix.pch";
				INFOPLIST_FILE = "Desktop/ViewFrob/ViewFrob-Info.plist";
				INSTALL_PATH = "$(LOCAL_LIBRARY_DIR)/Bundles";
				PRODUCT_NAME = "$(TARGET_NAME)";
				WRAPPER_EXTENSION = bundle;
			};
			name = Release;
		};
/* End XCBuildConfiguration section */

/* Begin XCConfigurationList section */
		7733F45F17493FD90052158B /* Build configuration list for PBXNativeTarget "LiveKnobs" */ = {
			isa = XCConfigurationList;
			buildConfigurations = (
				7733F45D17493FD90052158B /* Debug */,
				7733F45E17493FD90052158B /* Release */,
			);
			defaultConfigurationIsVisible = 0;
			defaultConfigurationName = Release;
		};
		77873FBB17413BEC00A47A27 /* Build configuration list for PBXProject "Knobs" */ = {
			isa = XCConfigurationList;
			buildConfigurations = (
				77873FDB17413BEC00A47A27 /* Debug */,
				77873FDC17413BEC00A47A27 /* Release */,
			);
			defaultConfigurationIsVisible = 0;
			defaultConfigurationName = Release;
		};
		77873FDD17413BEC00A47A27 /* Build configuration list for PBXNativeTarget "Knobs" */ = {
			isa = XCConfigurationList;
			buildConfigurations = (
				77873FDE17413BEC00A47A27 /* Debug */,
				77873FDF17413BEC00A47A27 /* Release */,
			);
			defaultConfigurationIsVisible = 0;
			defaultConfigurationName = Release;
		};
		77F70CE61743DF180064E665 /* Build configuration list for PBXNativeTarget "Logger" */ = {
			isa = XCConfigurationList;
			buildConfigurations = (
				77F70CE71743DF180064E665 /* Debug */,
				77F70CE81743DF180064E665 /* Release */,
			);
			defaultConfigurationIsVisible = 0;
			defaultConfigurationName = Release;
		};
		77F70D3917444B370064E665 /* Build configuration list for PBXNativeTarget "ViewFrob" */ = {
			isa = XCConfigurationList;
			buildConfigurations = (
				77F70D3A17444B370064E665 /* Debug */,
				77F70D3B17444B370064E665 /* Release */,
			);
			defaultConfigurationIsVisible = 0;
			defaultConfigurationName = Release;
		};
/* End XCConfigurationList section */
	};
	rootObject = 77873FB817413BEC00A47A27 /* Project object */;
}
