// !$*UTF8*$!
{
	archiveVersion = 1;
	classes = {
	};
	objectVersion = 46;
	objects = {

/* Begin PBXBuildFile section */
		772F31E617417286009807FD /* Foundation.framework in Frameworks */ = {isa = PBXBuildFile; fileRef = 77873FF1174147E700A47A27 /* Foundation.framework */; };
		772F31F117417297009807FD /* EKNKnobs.m in Sources */ = {isa = PBXBuildFile; fileRef = 772F3120174149C6009807FD /* EKNKnobs.m */; };
		7733F44F17493F480052158B /* EKNLiveKnobs.m in Sources */ = {isa = PBXBuildFile; fileRef = 7733F44E17493F480052158B /* EKNLiveKnobs.m */; };
		7733F48617495FAE0052158B /* EKNPropertyDescription.m in Sources */ = {isa = PBXBuildFile; fileRef = 7733F48517495FAE0052158B /* EKNPropertyDescription.m */; };
		77547AF41755518900566AF0 /* EKNUUID.m in Sources */ = {isa = PBXBuildFile; fileRef = 77547AF31755518900566AF0 /* EKNUUID.m */; };
		778588BF184553C7006913A6 /* EKNChunkConnection.m in Sources */ = {isa = PBXBuildFile; fileRef = 778588BA184553C7006913A6 /* EKNChunkConnection.m */; };
		778588C0184553C7006913A6 /* EKNChunkReader.m in Sources */ = {isa = PBXBuildFile; fileRef = 778588BC184553C7006913A6 /* EKNChunkReader.m */; };
		778588C1184553C7006913A6 /* EKNChunkWriter.m in Sources */ = {isa = PBXBuildFile; fileRef = 778588BE184553C7006913A6 /* EKNChunkWriter.m */; };
		778E54D51746D70A009D1BA1 /* UIScrollView+EKNFrobInfo.m in Sources */ = {isa = PBXBuildFile; fileRef = 778E54D41746D70A009D1BA1 /* UIScrollView+EKNFrobInfo.m */; };
		77A51B211747FF8700A66451 /* UIImageView+EKNFrobInfo.m in Sources */ = {isa = PBXBuildFile; fileRef = 77A51B201747FF8700A66451 /* UIImageView+EKNFrobInfo.m */; };
		77A51B2617480BF600A66451 /* EKNLiveKnobsPlugin.m in Sources */ = {isa = PBXBuildFile; fileRef = 77A51B2517480BF600A66451 /* EKNLiveKnobsPlugin.m */; };
		77A51B2F17481C5600A66451 /* EKNKnobListenerInfo.m in Sources */ = {isa = PBXBuildFile; fileRef = 77A51B2E17481C5500A66451 /* EKNKnobListenerInfo.m */; };
		77B7972E174180A6008242D4 /* EKNSharedConstants.m in Sources */ = {isa = PBXBuildFile; fileRef = 77B7972D174180A6008242D4 /* EKNSharedConstants.m */; };
		77B797521742BCC0008242D4 /* EKNDevicePluginContextDispatcher.m in Sources */ = {isa = PBXBuildFile; fileRef = 77B797511742BCC0008242D4 /* EKNDevicePluginContextDispatcher.m */; };
		77B797591742C76D008242D4 /* EKNLoggerPlugin.m in Sources */ = {isa = PBXBuildFile; fileRef = 77B797581742C76C008242D4 /* EKNLoggerPlugin.m */; };
		77B7975D1742E2A3008242D4 /* EKNWireImage.m in Sources */ = {isa = PBXBuildFile; fileRef = 77B7975C1742E2A3008242D4 /* EKNWireImage.m */; };
		77B7976517430A4F008242D4 /* EKNNamedChannel.m in Sources */ = {isa = PBXBuildFile; fileRef = 77B7976417430A4E008242D4 /* EKNNamedChannel.m */; };
		77CDDB0E17B144BD0072194C /* EKNViewFrobFocusOverlay.m in Sources */ = {isa = PBXBuildFile; fileRef = 77CDDB0D17B144BD0072194C /* EKNViewFrobFocusOverlay.m */; };
		77CDDB2017B1769F0072194C /* UILabel+EKNFrobInfo.m in Sources */ = {isa = PBXBuildFile; fileRef = 77CDDB1F17B1769F0072194C /* UILabel+EKNFrobInfo.m */; };
		77E1C53D17B1A8CE00A5FA1B /* QuartzCore.framework in Frameworks */ = {isa = PBXBuildFile; fileRef = 77E1C53C17B1A8CE00A5FA1B /* QuartzCore.framework */; };
		77E26DDE17A05A2B0087CE6C /* NSData+Base64.m in Sources */ = {isa = PBXBuildFile; fileRef = 77E26DDD17A05A2B0087CE6C /* NSData+Base64.m */; };
		77F70D22174443530064E665 /* EKNViewFrobPlugin.m in Sources */ = {isa = PBXBuildFile; fileRef = 77F70D21174443530064E665 /* EKNViewFrobPlugin.m */; };
		77F70D2817444AE40064E665 /* EKNViewFrob.m in Sources */ = {isa = PBXBuildFile; fileRef = 77F70D2717444AE40064E665 /* EKNViewFrob.m */; };
		77F70D5617452C2D0064E665 /* UIView+EKNFrobInfo.m in Sources */ = {isa = PBXBuildFile; fileRef = 77F70D5517452C2D0064E665 /* UIView+EKNFrobInfo.m */; };
		77F70D59174540EE0064E665 /* EKNViewFrobInfo.m in Sources */ = {isa = PBXBuildFile; fileRef = 77F70D58174540ED0064E665 /* EKNViewFrobInfo.m */; };
		77F70D62174685420064E665 /* EKNPropertyInfo.m in Sources */ = {isa = PBXBuildFile; fileRef = 77F70D61174685410064E665 /* EKNPropertyInfo.m */; };
/* End PBXBuildFile section */

/* Begin PBXCopyFilesBuildPhase section */
		772F31E317417285009807FD /* CopyFiles */ = {
			isa = PBXCopyFilesBuildPhase;
			buildActionMask = 2147483647;
			dstPath = "include/${PRODUCT_NAME}";
			dstSubfolderSpec = 16;
			files = (
			);
			runOnlyForDeploymentPostprocessing = 0;
		};
/* End PBXCopyFilesBuildPhase section */

/* Begin PBXFileReference section */
		772F3120174149C6009807FD /* EKNKnobs.m */ = {isa = PBXFileReference; lastKnownFileType = sourcecode.c.objc; name = EKNKnobs.m; path = iOS/EKNKnobs.m; sourceTree = SOURCE_ROOT; };
		772F3123174149F9009807FD /* Knobs-iOS-Prefix.pch */ = {isa = PBXFileReference; fileEncoding = 4; lastKnownFileType = sourcecode.c.h; name = "Knobs-iOS-Prefix.pch"; path = "iOS/Knobs-iOS-Prefix.pch"; sourceTree = SOURCE_ROOT; };
		772F31E517417285009807FD /* libKnobs-iOS.a */ = {isa = PBXFileReference; explicitFileType = archive.ar; includeInIndex = 0; path = "libKnobs-iOS.a"; sourceTree = BUILT_PRODUCTS_DIR; };
		7733F44E17493F480052158B /* EKNLiveKnobs.m */ = {isa = PBXFileReference; fileEncoding = 4; lastKnownFileType = sourcecode.c.objc; name = EKNLiveKnobs.m; path = Shared/LiveKnobs/EKNLiveKnobs.m; sourceTree = SOURCE_ROOT; };
		7733F48417495FA60052158B /* EKNPropertyDescription.h */ = {isa = PBXFileReference; fileEncoding = 4; lastKnownFileType = sourcecode.c.h; name = EKNPropertyDescription.h; path = Shared/Include/EKNPropertyDescription.h; sourceTree = SOURCE_ROOT; };
		7733F48517495FAE0052158B /* EKNPropertyDescription.m */ = {isa = PBXFileReference; fileEncoding = 4; lastKnownFileType = sourcecode.c.objc; name = EKNPropertyDescription.m; path = Shared/EKNPropertyDescription.m; sourceTree = SOURCE_ROOT; };
		77547AF21755518900566AF0 /* EKNUUID.h */ = {isa = PBXFileReference; fileEncoding = 4; lastKnownFileType = sourcecode.c.h; name = EKNUUID.h; path = iOS/EKNUUID.h; sourceTree = SOURCE_ROOT; };
		77547AF31755518900566AF0 /* EKNUUID.m */ = {isa = PBXFileReference; fileEncoding = 4; lastKnownFileType = sourcecode.c.objc; name = EKNUUID.m; path = iOS/EKNUUID.m; sourceTree = SOURCE_ROOT; };
		778588B9184553C7006913A6 /* EKNChunkConnection.h */ = {isa = PBXFileReference; fileEncoding = 4; lastKnownFileType = sourcecode.c.h; name = EKNChunkConnection.h; path = Shared/EKNChunkConnection.h; sourceTree = SOURCE_ROOT; };
		778588BA184553C7006913A6 /* EKNChunkConnection.m */ = {isa = PBXFileReference; fileEncoding = 4; lastKnownFileType = sourcecode.c.objc; name = EKNChunkConnection.m; path = Shared/EKNChunkConnection.m; sourceTree = SOURCE_ROOT; };
		778588BB184553C7006913A6 /* EKNChunkReader.h */ = {isa = PBXFileReference; fileEncoding = 4; lastKnownFileType = sourcecode.c.h; name = EKNChunkReader.h; path = Shared/EKNChunkReader.h; sourceTree = SOURCE_ROOT; };
		778588BC184553C7006913A6 /* EKNChunkReader.m */ = {isa = PBXFileReference; fileEncoding = 4; lastKnownFileType = sourcecode.c.objc; name = EKNChunkReader.m; path = Shared/EKNChunkReader.m; sourceTree = SOURCE_ROOT; };
		778588BD184553C7006913A6 /* EKNChunkWriter.h */ = {isa = PBXFileReference; fileEncoding = 4; lastKnownFileType = sourcecode.c.h; name = EKNChunkWriter.h; path = Shared/EKNChunkWriter.h; sourceTree = SOURCE_ROOT; };
		778588BE184553C7006913A6 /* EKNChunkWriter.m */ = {isa = PBXFileReference; fileEncoding = 4; lastKnownFileType = sourcecode.c.objc; name = EKNChunkWriter.m; path = Shared/EKNChunkWriter.m; sourceTree = SOURCE_ROOT; };
		77873FF1174147E700A47A27 /* Foundation.framework */ = {isa = PBXFileReference; lastKnownFileType = wrapper.framework; name = Foundation.framework; path = System/Library/Frameworks/Foundation.framework; sourceTree = SDKROOT; };
		778E54D31746D70A009D1BA1 /* UIScrollView+EKNFrobInfo.h */ = {isa = PBXFileReference; fileEncoding = 4; lastKnownFileType = sourcecode.c.h; name = "UIScrollView+EKNFrobInfo.h"; path = "iOS/UIScrollView+EKNFrobInfo.h"; sourceTree = SOURCE_ROOT; };
		778E54D41746D70A009D1BA1 /* UIScrollView+EKNFrobInfo.m */ = {isa = PBXFileReference; fileEncoding = 4; lastKnownFileType = sourcecode.c.objc; name = "UIScrollView+EKNFrobInfo.m"; path = "iOS/UIScrollView+EKNFrobInfo.m"; sourceTree = SOURCE_ROOT; };
		77A51B1F1747FF8700A66451 /* UIImageView+EKNFrobInfo.h */ = {isa = PBXFileReference; fileEncoding = 4; lastKnownFileType = sourcecode.c.h; name = "UIImageView+EKNFrobInfo.h"; path = "iOS/UIImageView+EKNFrobInfo.h"; sourceTree = SOURCE_ROOT; };
		77A51B201747FF8700A66451 /* UIImageView+EKNFrobInfo.m */ = {isa = PBXFileReference; fileEncoding = 4; lastKnownFileType = sourcecode.c.objc; name = "UIImageView+EKNFrobInfo.m"; path = "iOS/UIImageView+EKNFrobInfo.m"; sourceTree = SOURCE_ROOT; };
		77A51B2217480BCD00A66451 /* EKNLiveKnobsPlugin.h */ = {isa = PBXFileReference; fileEncoding = 4; lastKnownFileType = sourcecode.c.h; name = EKNLiveKnobsPlugin.h; path = iOS/Include/EKNLiveKnobsPlugin.h; sourceTree = SOURCE_ROOT; };
		77A51B2517480BF600A66451 /* EKNLiveKnobsPlugin.m */ = {isa = PBXFileReference; fileEncoding = 4; lastKnownFileType = sourcecode.c.objc; name = EKNLiveKnobsPlugin.m; path = iOS/EKNLiveKnobsPlugin.m; sourceTree = SOURCE_ROOT; };
		77A51B2A17481AD100A66451 /* EKNLiveKnobs.h */ = {isa = PBXFileReference; fileEncoding = 4; lastKnownFileType = sourcecode.c.h; name = EKNLiveKnobs.h; path = Shared/LiveKnobs/EKNLiveKnobs.h; sourceTree = SOURCE_ROOT; };
		77A51B2D17481C5500A66451 /* EKNKnobListenerInfo.h */ = {isa = PBXFileReference; fileEncoding = 4; lastKnownFileType = sourcecode.c.h; name = EKNKnobListenerInfo.h; path = iOS/EKNKnobListenerInfo.h; sourceTree = SOURCE_ROOT; };
		77A51B2E17481C5500A66451 /* EKNKnobListenerInfo.m */ = {isa = PBXFileReference; fileEncoding = 4; lastKnownFileType = sourcecode.c.objc; name = EKNKnobListenerInfo.m; path = iOS/EKNKnobListenerInfo.m; sourceTree = SOURCE_ROOT; };
		77B7972B17417B81008242D4 /* EKNKnobs.h */ = {isa = PBXFileReference; fileEncoding = 4; lastKnownFileType = sourcecode.c.h; name = EKNKnobs.h; path = iOS/Include/EKNKnobs.h; sourceTree = SOURCE_ROOT; };
		77B7972C174180A6008242D4 /* EKNSharedConstants.h */ = {isa = PBXFileReference; fileEncoding = 4; lastKnownFileType = sourcecode.c.h; name = EKNSharedConstants.h; path = Shared/EKNSharedConstants.h; sourceTree = SOURCE_ROOT; };
		77B7972D174180A6008242D4 /* EKNSharedConstants.m */ = {isa = PBXFileReference; fileEncoding = 4; lastKnownFileType = sourcecode.c.objc; name = EKNSharedConstants.m; path = Shared/EKNSharedConstants.m; sourceTree = SOURCE_ROOT; };
		77B797441742B790008242D4 /* EKNDevicePlugin.h */ = {isa = PBXFileReference; fileEncoding = 4; lastKnownFileType = sourcecode.c.h; name = EKNDevicePlugin.h; path = iOS/Include/EKNDevicePlugin.h; sourceTree = SOURCE_ROOT; };
		77B797451742B808008242D4 /* EKNDevicePluginContext.h */ = {isa = PBXFileReference; fileEncoding = 4; lastKnownFileType = sourcecode.c.h; name = EKNDevicePluginContext.h; path = iOS/Include/EKNDevicePluginContext.h; sourceTree = SOURCE_ROOT; };
		77B797501742BCC0008242D4 /* EKNDevicePluginContextDispatcher.h */ = {isa = PBXFileReference; fileEncoding = 4; lastKnownFileType = sourcecode.c.h; name = EKNDevicePluginContextDispatcher.h; path = iOS/EKNDevicePluginContextDispatcher.h; sourceTree = SOURCE_ROOT; };
		77B797511742BCC0008242D4 /* EKNDevicePluginContextDispatcher.m */ = {isa = PBXFileReference; fileEncoding = 4; lastKnownFileType = sourcecode.c.objc; name = EKNDevicePluginContextDispatcher.m; path = iOS/EKNDevicePluginContextDispatcher.m; sourceTree = SOURCE_ROOT; };
		77B797531742C0EA008242D4 /* EKNChannel.h */ = {isa = PBXFileReference; fileEncoding = 4; lastKnownFileType = sourcecode.c.h; name = EKNChannel.h; path = iOS/Include/EKNChannel.h; sourceTree = SOURCE_ROOT; };
		77B797581742C76C008242D4 /* EKNLoggerPlugin.m */ = {isa = PBXFileReference; fileEncoding = 4; lastKnownFileType = sourcecode.c.objc; name = EKNLoggerPlugin.m; path = iOS/EKNLoggerPlugin.m; sourceTree = SOURCE_ROOT; };
		77B7975A1742C77B008242D4 /* EKNLoggerPlugin.h */ = {isa = PBXFileReference; fileEncoding = 4; lastKnownFileType = sourcecode.c.h; name = EKNLoggerPlugin.h; path = iOS/Include/EKNLoggerPlugin.h; sourceTree = SOURCE_ROOT; };
		77B7975B1742E2A2008242D4 /* EKNWireImage.h */ = {isa = PBXFileReference; fileEncoding = 4; lastKnownFileType = sourcecode.c.h; name = EKNWireImage.h; path = Shared/EKNWireImage.h; sourceTree = SOURCE_ROOT; };
		77B7975C1742E2A3008242D4 /* EKNWireImage.m */ = {isa = PBXFileReference; fileEncoding = 4; lastKnownFileType = sourcecode.c.objc; name = EKNWireImage.m; path = Shared/EKNWireImage.m; sourceTree = SOURCE_ROOT; };
		77B7976317430A4D008242D4 /* EKNNamedChannel.h */ = {isa = PBXFileReference; fileEncoding = 4; lastKnownFileType = sourcecode.c.h; name = EKNNamedChannel.h; path = Shared/EKNNamedChannel.h; sourceTree = SOURCE_ROOT; };
		77B7976417430A4E008242D4 /* EKNNamedChannel.m */ = {isa = PBXFileReference; fileEncoding = 4; lastKnownFileType = sourcecode.c.objc; name = EKNNamedChannel.m; path = Shared/EKNNamedChannel.m; sourceTree = SOURCE_ROOT; };
		77CDDB0C17B144BD0072194C /* EKNViewFrobFocusOverlay.h */ = {isa = PBXFileReference; fileEncoding = 4; lastKnownFileType = sourcecode.c.h; name = EKNViewFrobFocusOverlay.h; path = iOS/EKNViewFrobFocusOverlay.h; sourceTree = SOURCE_ROOT; };
		77CDDB0D17B144BD0072194C /* EKNViewFrobFocusOverlay.m */ = {isa = PBXFileReference; fileEncoding = 4; lastKnownFileType = sourcecode.c.objc; name = EKNViewFrobFocusOverlay.m; path = iOS/EKNViewFrobFocusOverlay.m; sourceTree = SOURCE_ROOT; };
		77CDDB1E17B1769F0072194C /* UILabel+EKNFrobInfo.h */ = {isa = PBXFileReference; fileEncoding = 4; lastKnownFileType = sourcecode.c.h; name = "UILabel+EKNFrobInfo.h"; path = "iOS/UILabel+EKNFrobInfo.h"; sourceTree = SOURCE_ROOT; };
		77CDDB1F17B1769F0072194C /* UILabel+EKNFrobInfo.m */ = {isa = PBXFileReference; fileEncoding = 4; lastKnownFileType = sourcecode.c.objc; name = "UILabel+EKNFrobInfo.m"; path = "iOS/UILabel+EKNFrobInfo.m"; sourceTree = SOURCE_ROOT; };
		77E1C53C17B1A8CE00A5FA1B /* QuartzCore.framework */ = {isa = PBXFileReference; lastKnownFileType = wrapper.framework; name = QuartzCore.framework; path = System/Library/Frameworks/QuartzCore.framework; sourceTree = SDKROOT; };
		77E26DDC17A05A2B0087CE6C /* NSData+Base64.h */ = {isa = PBXFileReference; fileEncoding = 4; lastKnownFileType = sourcecode.c.h; name = "NSData+Base64.h"; path = "Libraries/NSData_Base64/NSData+Base64.h"; sourceTree = SOURCE_ROOT; };
		77E26DDD17A05A2B0087CE6C /* NSData+Base64.m */ = {isa = PBXFileReference; fileEncoding = 4; lastKnownFileType = sourcecode.c.objc; name = "NSData+Base64.m"; path = "Libraries/NSData_Base64/NSData+Base64.m"; sourceTree = SOURCE_ROOT; };
		77F70D1E1744432F0064E665 /* EKNViewFrobPlugin.h */ = {isa = PBXFileReference; fileEncoding = 4; lastKnownFileType = sourcecode.c.h; name = EKNViewFrobPlugin.h; path = iOS/Include/EKNViewFrobPlugin.h; sourceTree = SOURCE_ROOT; };
		77F70D21174443530064E665 /* EKNViewFrobPlugin.m */ = {isa = PBXFileReference; fileEncoding = 4; lastKnownFileType = sourcecode.c.objc; name = EKNViewFrobPlugin.m; path = iOS/EKNViewFrobPlugin.m; sourceTree = SOURCE_ROOT; };
		77F70D2617444AE40064E665 /* EKNViewFrob.h */ = {isa = PBXFileReference; fileEncoding = 4; lastKnownFileType = sourcecode.c.h; name = EKNViewFrob.h; path = Shared/ViewFrobber/EKNViewFrob.h; sourceTree = SOURCE_ROOT; };
		77F70D2717444AE40064E665 /* EKNViewFrob.m */ = {isa = PBXFileReference; fileEncoding = 4; lastKnownFileType = sourcecode.c.objc; name = EKNViewFrob.m; path = Shared/ViewFrobber/EKNViewFrob.m; sourceTree = SOURCE_ROOT; };
		77F70D5417452C2C0064E665 /* UIView+EKNFrobInfo.h */ = {isa = PBXFileReference; fileEncoding = 4; lastKnownFileType = sourcecode.c.h; name = "UIView+EKNFrobInfo.h"; path = "iOS/Include/UIView+EKNFrobInfo.h"; sourceTree = SOURCE_ROOT; };
		77F70D5517452C2D0064E665 /* UIView+EKNFrobInfo.m */ = {isa = PBXFileReference; fileEncoding = 4; lastKnownFileType = sourcecode.c.objc; name = "UIView+EKNFrobInfo.m"; path = "iOS/UIView+EKNFrobInfo.m"; sourceTree = SOURCE_ROOT; };
		77F70D57174540ED0064E665 /* EKNViewFrobInfo.h */ = {isa = PBXFileReference; fileEncoding = 4; lastKnownFileType = sourcecode.c.h; name = EKNViewFrobInfo.h; path = Shared/ViewFrobber/EKNViewFrobInfo.h; sourceTree = SOURCE_ROOT; };
		77F70D58174540ED0064E665 /* EKNViewFrobInfo.m */ = {isa = PBXFileReference; fileEncoding = 4; lastKnownFileType = sourcecode.c.objc; name = EKNViewFrobInfo.m; path = Shared/ViewFrobber/EKNViewFrobInfo.m; sourceTree = SOURCE_ROOT; };
		77F70D60174685400064E665 /* EKNPropertyInfo.h */ = {isa = PBXFileReference; fileEncoding = 4; lastKnownFileType = sourcecode.c.h; name = EKNPropertyInfo.h; path = Shared/ViewFrobber/EKNPropertyInfo.h; sourceTree = SOURCE_ROOT; };
		77F70D61174685410064E665 /* EKNPropertyInfo.m */ = {isa = PBXFileReference; fileEncoding = 4; lastKnownFileType = sourcecode.c.objc; name = EKNPropertyInfo.m; path = Shared/ViewFrobber/EKNPropertyInfo.m; sourceTree = SOURCE_ROOT; };
/* End PBXFileReference section */

/* Begin PBXFrameworksBuildPhase section */
		772F31E217417285009807FD /* Frameworks */ = {
			isa = PBXFrameworksBuildPhase;
			buildActionMask = 2147483647;
			files = (
				77E1C53D17B1A8CE00A5FA1B /* QuartzCore.framework in Frameworks */,
				772F31E617417286009807FD /* Foundation.framework in Frameworks */,
			);
			runOnlyForDeploymentPostprocessing = 0;
		};
/* End PBXFrameworksBuildPhase section */

/* Begin PBXGroup section */
		778588C2184553E6006913A6 /* Networking */ = {
			isa = PBXGroup;
			children = (
				778588B9184553C7006913A6 /* EKNChunkConnection.h */,
				778588BA184553C7006913A6 /* EKNChunkConnection.m */,
				778588BB184553C7006913A6 /* EKNChunkReader.h */,
				778588BC184553C7006913A6 /* EKNChunkReader.m */,
				778588BD184553C7006913A6 /* EKNChunkWriter.h */,
				778588BE184553C7006913A6 /* EKNChunkWriter.m */,
			);
			name = Networking;
			sourceTree = "<group>";
		};
		77873FE5174147E700A47A27 = {
			isa = PBXGroup;
			children = (
				77E1C53C17B1A8CE00A5FA1B /* QuartzCore.framework */,
				77873FF3174147E700A47A27 /* Knobs-iOS */,
				77873FF0174147E700A47A27 /* Frameworks */,
				77873FEF174147E700A47A27 /* Products */,
			);
			sourceTree = "<group>";
		};
		77873FEF174147E700A47A27 /* Products */ = {
			isa = PBXGroup;
			children = (
				772F31E517417285009807FD /* libKnobs-iOS.a */,
			);
			name = Products;
			sourceTree = "<group>";
		};
		77873FF0174147E700A47A27 /* Frameworks */ = {
			isa = PBXGroup;
			children = (
				77873FF1174147E700A47A27 /* Foundation.framework */,
			);
			name = Frameworks;
			sourceTree = "<group>";
		};
		77873FF3174147E700A47A27 /* Knobs-iOS */ = {
			isa = PBXGroup;
			children = (
				77547AF21755518900566AF0 /* EKNUUID.h */,
				77547AF31755518900566AF0 /* EKNUUID.m */,
				77A51B2D17481C5500A66451 /* EKNKnobListenerInfo.h */,
				77A51B2E17481C5500A66451 /* EKNKnobListenerInfo.m */,
				77A51B2A17481AD100A66451 /* EKNLiveKnobs.h */,
				7733F44E17493F480052158B /* EKNLiveKnobs.m */,
				77CDDB0F17B144CE0072194C /* View Frob */,
				778588C2184553E6006913A6 /* Networking */,
				77A51B2217480BCD00A66451 /* EKNLiveKnobsPlugin.h */,
				77A51B2517480BF600A66451 /* EKNLiveKnobsPlugin.m */,
				77F70D60174685400064E665 /* EKNPropertyInfo.h */,
				77F70D61174685410064E665 /* EKNPropertyInfo.m */,
				7733F48417495FA60052158B /* EKNPropertyDescription.h */,
				7733F48517495FAE0052158B /* EKNPropertyDescription.m */,
				77E26DDC17A05A2B0087CE6C /* NSData+Base64.h */,
				77E26DDD17A05A2B0087CE6C /* NSData+Base64.m */,
				77B7976317430A4D008242D4 /* EKNNamedChannel.h */,
				77B7976417430A4E008242D4 /* EKNNamedChannel.m */,
				77B7975B1742E2A2008242D4 /* EKNWireImage.h */,
				77B7975C1742E2A3008242D4 /* EKNWireImage.m */,
				77B7975A1742C77B008242D4 /* EKNLoggerPlugin.h */,
				77B797581742C76C008242D4 /* EKNLoggerPlugin.m */,
				77B797531742C0EA008242D4 /* EKNChannel.h */,
				77B797501742BCC0008242D4 /* EKNDevicePluginContextDispatcher.h */,
				77B797511742BCC0008242D4 /* EKNDevicePluginContextDispatcher.m */,
				77B797441742B790008242D4 /* EKNDevicePlugin.h */,
				77B797451742B808008242D4 /* EKNDevicePluginContext.h */,
				77B7972C174180A6008242D4 /* EKNSharedConstants.h */,
				77B7972D174180A6008242D4 /* EKNSharedConstants.m */,
				77B7972B17417B81008242D4 /* EKNKnobs.h */,
				772F3120174149C6009807FD /* EKNKnobs.m */,
				77873FF4174147E700A47A27 /* Supporting Files */,
			);
			name = "Knobs-iOS";
			path = "Knobs-client";
			sourceTree = "<group>";
		};
		77873FF4174147E700A47A27 /* Supporting Files */ = {
			isa = PBXGroup;
			children = (
				772F3123174149F9009807FD /* Knobs-iOS-Prefix.pch */,
			);
			name = "Supporting Files";
			sourceTree = "<group>";
		};
		77CDDB0F17B144CE0072194C /* View Frob */ = {
			isa = PBXGroup;
			children = (
				77F70D57174540ED0064E665 /* EKNViewFrobInfo.h */,
				77F70D58174540ED0064E665 /* EKNViewFrobInfo.m */,
				77F70D2617444AE40064E665 /* EKNViewFrob.h */,
				77F70D2717444AE40064E665 /* EKNViewFrob.m */,
				77F70D1E1744432F0064E665 /* EKNViewFrobPlugin.h */,
				77F70D21174443530064E665 /* EKNViewFrobPlugin.m */,
				77A51B1F1747FF8700A66451 /* UIImageView+EKNFrobInfo.h */,
				77A51B201747FF8700A66451 /* UIImageView+EKNFrobInfo.m */,
				77CDDB0C17B144BD0072194C /* EKNViewFrobFocusOverlay.h */,
				77CDDB0D17B144BD0072194C /* EKNViewFrobFocusOverlay.m */,
				778E54D31746D70A009D1BA1 /* UIScrollView+EKNFrobInfo.h */,
				778E54D41746D70A009D1BA1 /* UIScrollView+EKNFrobInfo.m */,
				77CDDB1E17B1769F0072194C /* UILabel+EKNFrobInfo.h */,
				77CDDB1F17B1769F0072194C /* UILabel+EKNFrobInfo.m */,
				77F70D5417452C2C0064E665 /* UIView+EKNFrobInfo.h */,
				77F70D5517452C2D0064E665 /* UIView+EKNFrobInfo.m */,
			);
			name = "View Frob";
			sourceTree = "<group>";
		};
/* End PBXGroup section */

/* Begin PBXNativeTarget section */
		772F31E417417285009807FD /* Knobs-iOS */ = {
			isa = PBXNativeTarget;
			buildConfigurationList = 772F31EE17417286009807FD /* Build configuration list for PBXNativeTarget "Knobs-iOS" */;
			buildPhases = (
				772F31E117417285009807FD /* Sources */,
				772F31E217417285009807FD /* Frameworks */,
				772F31E317417285009807FD /* CopyFiles */,
			);
			buildRules = (
			);
			dependencies = (
			);
			name = "Knobs-iOS";
			productName = "Knobs-iOS";
			productReference = 772F31E517417285009807FD /* libKnobs-iOS.a */;
			productType = "com.apple.product-type.library.static";
		};
/* End PBXNativeTarget section */

/* Begin PBXProject section */
		77873FE6174147E700A47A27 /* Project object */ = {
			isa = PBXProject;
			attributes = {
				CLASSPREFIX = EKN;
				LastUpgradeCheck = 0500;
				ORGANIZATIONNAME = "Akiva Leffert";
			};
			buildConfigurationList = 77873FE9174147E700A47A27 /* Build configuration list for PBXProject "Knobs-iOS" */;
			compatibilityVersion = "Xcode 3.2";
			developmentRegion = English;
			hasScannedForEncodings = 0;
			knownRegions = (
				en,
			);
			mainGroup = 77873FE5174147E700A47A27;
			productRefGroup = 77873FEF174147E700A47A27 /* Products */;
			projectDirPath = "";
			projectRoot = "";
			targets = (
				772F31E417417285009807FD /* Knobs-iOS */,
			);
		};
/* End PBXProject section */

/* Begin PBXSourcesBuildPhase section */
		772F31E117417285009807FD /* Sources */ = {
			isa = PBXSourcesBuildPhase;
			buildActionMask = 2147483647;
			files = (
				772F31F117417297009807FD /* EKNKnobs.m in Sources */,
				77CDDB2017B1769F0072194C /* UILabel+EKNFrobInfo.m in Sources */,
				778588BF184553C7006913A6 /* EKNChunkConnection.m in Sources */,
				77CDDB0E17B144BD0072194C /* EKNViewFrobFocusOverlay.m in Sources */,
				77E26DDE17A05A2B0087CE6C /* NSData+Base64.m in Sources */,
				77B7972E174180A6008242D4 /* EKNSharedConstants.m in Sources */,
				778588C0184553C7006913A6 /* EKNChunkReader.m in Sources */,
				77B797521742BCC0008242D4 /* EKNDevicePluginContextDispatcher.m in Sources */,
				77B797591742C76D008242D4 /* EKNLoggerPlugin.m in Sources */,
				77B7975D1742E2A3008242D4 /* EKNWireImage.m in Sources */,
				77B7976517430A4F008242D4 /* EKNNamedChannel.m in Sources */,
				77F70D22174443530064E665 /* EKNViewFrobPlugin.m in Sources */,
				77F70D2817444AE40064E665 /* EKNViewFrob.m in Sources */,
				77F70D5617452C2D0064E665 /* UIView+EKNFrobInfo.m in Sources */,
				77F70D59174540EE0064E665 /* EKNViewFrobInfo.m in Sources */,
				77F70D62174685420064E665 /* EKNPropertyInfo.m in Sources */,
				778E54D51746D70A009D1BA1 /* UIScrollView+EKNFrobInfo.m in Sources */,
				77A51B211747FF8700A66451 /* UIImageView+EKNFrobInfo.m in Sources */,
				77A51B2617480BF600A66451 /* EKNLiveKnobsPlugin.m in Sources */,
				77A51B2F17481C5600A66451 /* EKNKnobListenerInfo.m in Sources */,
				7733F44F17493F480052158B /* EKNLiveKnobs.m in Sources */,
				7733F48617495FAE0052158B /* EKNPropertyDescription.m in Sources */,
				77547AF41755518900566AF0 /* EKNUUID.m in Sources */,
				778588C1184553C7006913A6 /* EKNChunkWriter.m in Sources */,
			);
			runOnlyForDeploymentPostprocessing = 0;
		};
/* End PBXSourcesBuildPhase section */

/* Begin XCBuildConfiguration section */
		772F31EF17417286009807FD /* Debug */ = {
			isa = XCBuildConfiguration;
			buildSettings = {
				DSTROOT = /tmp/Knobs_iOS.dst;
				GCC_PRECOMPILE_PREFIX_HEADER = YES;
				GCC_PREFIX_HEADER = "$(SRCROOT)/iOS/Knobs-iOS-Prefix.pch";
				OTHER_LDFLAGS = "-ObjC";
				PRODUCT_NAME = "$(TARGET_NAME)";
				SKIP_INSTALL = YES;
			};
			name = Debug;
		};
		772F31F017417286009807FD /* Release */ = {
			isa = XCBuildConfiguration;
			buildSettings = {
				DSTROOT = /tmp/Knobs_iOS.dst;
				GCC_PRECOMPILE_PREFIX_HEADER = YES;
				GCC_PREFIX_HEADER = "$(SRCROOT)/iOS/Knobs-iOS-Prefix.pch";
				OTHER_LDFLAGS = "-ObjC";
				PRODUCT_NAME = "$(TARGET_NAME)";
				SKIP_INSTALL = YES;
			};
			name = Release;
		};
		77873FFA174147E700A47A27 /* Debug */ = {
			isa = XCBuildConfiguration;
			buildSettings = {
				ALWAYS_SEARCH_USER_PATHS = NO;
				CLANG_CXX_LANGUAGE_STANDARD = "gnu++0x";
				CLANG_CXX_LIBRARY = "libc++";
				CLANG_ENABLE_OBJC_ARC = YES;
				CLANG_WARN_CONSTANT_CONVERSION = YES;
				CLANG_WARN_EMPTY_BODY = YES;
				CLANG_WARN_ENUM_CONVERSION = YES;
				CLANG_WARN_INT_CONVERSION = YES;
				CLANG_WARN__DUPLICATE_METHOD_MATCH = YES;
				COPY_PHASE_STRIP = NO;
				GCC_C_LANGUAGE_STANDARD = gnu99;
				GCC_DYNAMIC_NO_PIC = NO;
				GCC_OPTIMIZATION_LEVEL = 0;
				GCC_PREPROCESSOR_DEFINITIONS = (
					"DEBUG=1",
					"$(inherited)",
				);
				GCC_SYMBOLS_PRIVATE_EXTERN = NO;
				GCC_TREAT_WARNINGS_AS_ERRORS = YES;
				GCC_WARN_ABOUT_RETURN_TYPE = YES;
				GCC_WARN_UNINITIALIZED_AUTOS = YES;
				GCC_WARN_UNUSED_VARIABLE = YES;
				IPHONEOS_DEPLOYMENT_TARGET = 5.1;
				MYUtilities = "";
				ONLY_ACTIVE_ARCH = YES;
				SDKROOT = iphoneos;
			};
			name = Debug;
		};
		77873FFB174147E700A47A27 /* Release */ = {
			isa = XCBuildConfiguration;
			buildSettings = {
				ALWAYS_SEARCH_USER_PATHS = NO;
				CLANG_CXX_LANGUAGE_STANDARD = "gnu++0x";
				CLANG_CXX_LIBRARY = "libc++";
				CLANG_ENABLE_OBJC_ARC = YES;
				CLANG_WARN_CONSTANT_CONVERSION = YES;
				CLANG_WARN_EMPTY_BODY = YES;
				CLANG_WARN_ENUM_CONVERSION = YES;
				CLANG_WARN_INT_CONVERSION = YES;
				CLANG_WARN__DUPLICATE_METHOD_MATCH = YES;
				COPY_PHASE_STRIP = YES;
				GCC_C_LANGUAGE_STANDARD = gnu99;
				GCC_TREAT_WARNINGS_AS_ERRORS = YES;
				GCC_WARN_ABOUT_RETURN_TYPE = YES;
				GCC_WARN_UNINITIALIZED_AUTOS = YES;
				GCC_WARN_UNUSED_VARIABLE = YES;
				IPHONEOS_DEPLOYMENT_TARGET = 5.1;
				MYUtilities = "";
				SDKROOT = iphoneos;
				VALIDATE_PRODUCT = YES;
			};
			name = Release;
		};
/* End XCBuildConfiguration section */

/* Begin XCConfigurationList section */
		772F31EE17417286009807FD /* Build configuration list for PBXNativeTarget "Knobs-iOS" */ = {
			isa = XCConfigurationList;
			buildConfigurations = (
				772F31EF17417286009807FD /* Debug */,
				772F31F017417286009807FD /* Release */,
			);
			defaultConfigurationIsVisible = 0;
			defaultConfigurationName = Release;
		};
		77873FE9174147E700A47A27 /* Build configuration list for PBXProject "Knobs-iOS" */ = {
			isa = XCConfigurationList;
			buildConfigurations = (
				77873FFA174147E700A47A27 /* Debug */,
				77873FFB174147E700A47A27 /* Release */,
			);
			defaultConfigurationIsVisible = 0;
			defaultConfigurationName = Release;
		};
/* End XCConfigurationList section */
	};
	rootObject = 77873FE6174147E700A47A27 /* Project object */;
}
